
Microsoft Visual Studio Solution File, Format Version 12.00
# Visual Studio Version 17
VisualStudioVersion = 17.0.31612.314
MinimumVisualStudioVersion = 10.0.40219.1
Project("{9A19103F-16F7-4668-BE54-9A1E7A4F7556}") = "Bakabase.Service", "apps\Bakabase.Service\Bakabase.Service.csproj", "{A4CE4BCE-3255-44FE-ABFB-1E8C5D2AA563}"
EndProject
Project("{9A19103F-16F7-4668-BE54-9A1E7A4F7556}") = "Bakabase.InsideWorld.Models", "legacy\Bakabase.InsideWorld.Models\Bakabase.InsideWorld.Models.csproj", "{1B1A91F1-1366-4C68-993B-931CD7FFA060}"
EndProject
Project("{9A19103F-16F7-4668-BE54-9A1E7A4F7556}") = "Bakabase.InsideWorld.Business", "legacy\Bakabase.InsideWorld.Business\Bakabase.InsideWorld.Business.csproj", "{58F40FB9-B67D-4D48-BFFA-99CCCE21155E}"
EndProject
Project("{2150E333-8FDC-42A3-9474-1A3956D46DE8}") = "libs", "libs", "{4E98F6DA-3438-4C6C-8354-B24B5B9D0EB0}"
EndProject
Project("{9A19103F-16F7-4668-BE54-9A1E7A4F7556}") = "Bootstrap", "libs\LazyMortal\src\Bootstrap\Bootstrap.csproj", "{8E6D4AF9-EED3-47B4-8734-C996BC7A335E}"
EndProject
Project("{2150E333-8FDC-42A3-9474-1A3956D46DE8}") = "tests", "tests", "{8B728E85-2F02-43E7-A3D1-32CDB437DFEC}"
EndProject
Project("{9A19103F-16F7-4668-BE54-9A1E7A4F7556}") = "Bakabase.Infrastructures", "libs\Bakabase.Infrastructures\Bakabase.Infrastructures\Bakabase.Infrastructures.csproj", "{8E8737EE-8679-4C5A-9F66-3F8582C80247}"
EndProject
Project("{9A19103F-16F7-4668-BE54-9A1E7A4F7556}") = "Bakabase.Tests", "tests\Bakabase.Tests\Bakabase.Tests.csproj", "{C0B8AA1F-37B0-4D9F-A25D-6A26DDED605B}"
EndProject
Project("{9A19103F-16F7-4668-BE54-9A1E7A4F7556}") = "Bakabase", "apps\Bakabase\Bakabase.csproj", "{D12DCFFB-0F96-4221-B4A7-BEADEA5CFE57}"
EndProject
Project("{9A19103F-16F7-4668-BE54-9A1E7A4F7556}") = "Bakabase.Abstractions", "abstractions\Bakabase.Abstractions\Bakabase.Abstractions.csproj", "{8686512A-39C1-4EEE-A3F5-101D50D07763}"
EndProject
Project("{9A19103F-16F7-4668-BE54-9A1E7A4F7556}") = "Bakabase.Modules.Property", "modules\Bakabase.Modules.Property\Bakabase.Modules.Property.csproj", "{CB569CF2-09AA-4D76-8E51-278642C66E0D}"
EndProject
Project("{9A19103F-16F7-4668-BE54-9A1E7A4F7556}") = "Bakabase.Modules.Enhancer", "modules\Bakabase.Modules.Enhancer\Bakabase.Modules.Enhancer.csproj", "{C7F49146-4E21-48E2-AEB4-8BA20E93E306}"
EndProject
Project("{9A19103F-16F7-4668-BE54-9A1E7A4F7556}") = "Bakabase.Modules.Alias", "modules\Bakabase.Modules.Alias\Bakabase.Modules.Alias.csproj", "{1622FBF0-8158-4622-A1E1-2AE627293C33}"
EndProject
Project("{9A19103F-16F7-4668-BE54-9A1E7A4F7556}") = "Bakabase.Modules.StandardValue", "modules\Bakabase.Modules.StandardValue\Bakabase.Modules.StandardValue.csproj", "{F36E2211-31DC-47E0-9F1A-2B19D00BB022}"
EndProject
Project("{9A19103F-16F7-4668-BE54-9A1E7A4F7556}") = "Bakabase.Modules.ThirdParty", "modules\Bakabase.Modules.ThirdParty\Bakabase.Modules.ThirdParty.csproj", "{A1D7C1CB-B4B6-4F58-B3F8-C21AC1615C43}"
EndProject
Project("{9A19103F-16F7-4668-BE54-9A1E7A4F7556}") = "Bakabase.Modules.ThirdParty.Tests", "tests\Bakabase.Modules.ThirdParty.Tests\Bakabase.Modules.ThirdParty.Tests.csproj", "{DAA9052A-52D8-42C2-B90B-696F40D60E96}"
EndProject
Project("{2150E333-8FDC-42A3-9474-1A3956D46DE8}") = "legacy", "legacy", "{AC275497-2ED4-4BA4-92DA-05BF3BAC8267}"
EndProject
Project("{9A19103F-16F7-4668-BE54-9A1E7A4F7556}") = "Bakabase.Modules.StandardValue.Tests", "tests\Bakabase.Modules.StandardValue.Tests\Bakabase.Modules.StandardValue.Tests.csproj", "{5359A72B-063C-4BDC-A65E-C7FA9D3D56AE}"
EndProject
Project("{9A19103F-16F7-4668-BE54-9A1E7A4F7556}") = "Bakabase.Modules.Property.Tests", "tests\Bakabase.Modules.Property.Tests\Bakabase.Modules.Property.Tests.csproj", "{1C512718-9490-4984-B64F-6862BE5EABBB}"
EndProject
Project("{9A19103F-16F7-4668-BE54-9A1E7A4F7556}") = "Bootstrap.Tests", "libs\LazyMortal\test\Bootstrap.Tests\Bootstrap.Tests.csproj", "{CE119E81-02F6-4E55-9F96-F234CA97ABAA}"
EndProject
Project("{9A19103F-16F7-4668-BE54-9A1E7A4F7556}") = "Bakabase.Modules.BulkModification", "modules\Bakabase.Modules.BulkModification\Bakabase.Modules.BulkModification.csproj", "{837DB2B3-A163-482E-A405-278C48080EBA}"
EndProject
Project("{9A19103F-16F7-4668-BE54-9A1E7A4F7556}") = "Bakabase.Modules.Search", "modules\Bakabase.Modules.Search\Bakabase.Modules.Search.csproj", "{24FEC1DD-F0E7-40FD-8330-732EF59DE795}"
EndProject
Project("{FAE04EC0-301F-11D3-BF4B-00C04F79EFBC}") = "Bakabase.Modules.Presets", "modules\Bakabase.Modules.Presets\Bakabase.Modules.Presets.csproj", "{31B23806-C781-46C1-BF91-33E266CD331A}"
EndProject
Project("{FAE04EC0-301F-11D3-BF4B-00C04F79EFBC}") = "Bakabase.Modules.BulkModification.Tests", "tests\Bakabase.Modules.BulkModification.Tests\Bakabase.Modules.BulkModification.Tests.csproj", "{4D3CC5C2-B686-46CC-A32E-DE095D4CDEB0}"
EndProject
Project("{FAE04EC0-301F-11D3-BF4B-00C04F79EFBC}") = "Bakabase.Modules.Comparison", "modules\Bakabase.Modules.Comparison\Bakabase.Modules.Comparison.csproj", "{374077BC-8044-4206-87CB-8D4FAA5C56A2}"
EndProject
Project("{9A19103F-16F7-4668-BE54-9A1E7A4F7556}") = "Bakabase.Modules.AI", "modules\Bakabase.Modules.AI\Bakabase.Modules.AI.csproj", "{B2A1F7E3-4C8D-4A6B-9E2F-1D3C5A7B8E9F}"
EndProject
Project("{FAE04EC0-301F-11D3-BF4B-00C04F79EFBC}") = "Bakabase.Modules.DataCard", "modules\Bakabase.Modules.DataCard\Bakabase.Modules.DataCard.csproj", "{B1007AC3-EE23-4B52-AE0B-7A6613C388CA}"
EndProject
Project("{FAE04EC0-301F-11D3-BF4B-00C04F79EFBC}") = "Bakabase.Cli", "apps\Bakabase.Cli\Bakabase.Cli.csproj", "{0524D4D9-62C4-4FE5-9036-0A0934896DD4}"
EndProject
Project("{2150E333-8FDC-42A3-9474-1A3956D46DE8}") = "modules", "modules", "{CA253913-39DE-BFD0-C9A3-4B7EC6FBDF17}"
EndProject
Project("{FAE04EC0-301F-11D3-BF4B-00C04F79EFBC}") = "Bakabase.Modules.HealthScore", "modules\Bakabase.Modules.HealthScore\Bakabase.Modules.HealthScore.csproj", "{0FE34BD0-4EEC-406C-B8CA-3BA0A9224042}"
EndProject
Project("{FAE04EC0-301F-11D3-BF4B-00C04F79EFBC}") = "Bakabase.Modules.HealthScore.Tests", "tests\Bakabase.Modules.HealthScore.Tests\Bakabase.Modules.HealthScore.Tests.csproj", "{6AAB039D-A4B5-464F-8279-BBB2A4B943D8}"
EndProject
Project("{2150E333-8FDC-42A3-9474-1A3956D46DE8}") = "apps", "apps", "{CA558E6A-5009-445B-88C9-96FDA6583067}"
EndProject
Project("{2150E333-8FDC-42A3-9474-1A3956D46DE8}") = "abstractions", "abstractions", "{68C2AA9B-5EBA-467D-99AC-E8DB31DD3973}"
EndProject
Project("{FAE04EC0-301F-11D3-BF4B-00C04F79EFBC}") = "Bakabase.Migrations", "legacy\Bakabase.Migrations\Bakabase.Migrations.csproj", "{DEBA43DE-B581-4565-A139-A36C95F98309}"
EndProject
Project("{2150E333-8FDC-42A3-9474-1A3956D46DE8}") = "samples", "samples", "{542CD1C1-A0BE-44CA-9298-A56C16F6881E}"
EndProject
Project("{FAE04EC0-301F-11D3-BF4B-00C04F79EFBC}") = "Bakabase.Demos", "samples\Bakabase.Demos\Bakabase.Demos.csproj", "{CFCF68BF-A12E-437D-9122-E0DEB9C162E6}"
EndProject
Project("{FAE04EC0-301F-11D3-BF4B-00C04F79EFBC}") = "Bakabase.TestKit", "tests\Bakabase.TestKit\Bakabase.TestKit.csproj", "{041E795D-1B15-4640-9A57-9BECAD006BC0}"
EndProject
Project("{FAE04EC0-301F-11D3-BF4B-00C04F79EFBC}") = "Bakabase.Modules.Comparison.Tests", "tests\Bakabase.Modules.Comparison.Tests\Bakabase.Modules.Comparison.Tests.csproj", "{6B7C49BF-E437-4F6B-B669-5ED5CA940222}"
EndProject
Project("{FAE04EC0-301F-11D3-BF4B-00C04F79EFBC}") = "Bakabase.Modules.Notification", "modules\Bakabase.Modules.Notification\Bakabase.Modules.Notification.csproj", "{EE4480BB-4320-4221-AE4C-395731E7FFF9}"
EndProject
Project("{FAE04EC0-301F-11D3-BF4B-00C04F79EFBC}") = "Bakabase.Modules.Subscription", "modules\Bakabase.Modules.Subscription\Bakabase.Modules.Subscription.csproj", "{8C98A41A-41E9-4789-B963-5855D6C22616}"
EndProject
Project("{FAE04EC0-301F-11D3-BF4B-00C04F79EFBC}") = "Bakabase.Modules.Workflow", "modules\Bakabase.Modules.Workflow\Bakabase.Modules.Workflow.csproj", "{59155976-B214-4B97-86F9-7867D5CB52E2}"
EndProject
Project("{FAE04EC0-301F-11D3-BF4B-00C04F79EFBC}") = "Bakabase.Modules.Alias.Tests", "tests\Bakabase.Modules.Alias.Tests\Bakabase.Modules.Alias.Tests.csproj", "{5810F169-DDF8-4F07-BA83-0C8C014EE057}"
EndProject
Project("{FAE04EC0-301F-11D3-BF4B-00C04F79EFBC}") = "Bakabase.Modules.Enhancer.Tests", "tests\Bakabase.Modules.Enhancer.Tests\Bakabase.Modules.Enhancer.Tests.csproj", "{61B0FBB7-0EEA-4659-ABE0-383C656D4609}"
EndProject
Project("{FAE04EC0-301F-11D3-BF4B-00C04F79EFBC}") = "Bakabase.Modules.Player", "modules\Bakabase.Modules.Player\Bakabase.Modules.Player.csproj", "{8570DCE0-A603-4AD6-A28D-5B28F8C1D7F9}"
EndProject
Project("{FAE04EC0-301F-11D3-BF4B-00C04F79EFBC}") = "Bakabase.Modules.Player.Tests", "tests\Bakabase.Modules.Player.Tests\Bakabase.Modules.Player.Tests.csproj", "{4033B5DE-9488-4E62-8A72-104EB27CD539}"
EndProject
Project("{FAE04EC0-301F-11D3-BF4B-00C04F79EFBC}") = "Bakabase.Modules.RemoteAccess", "modules\Bakabase.Modules.RemoteAccess\Bakabase.Modules.RemoteAccess.csproj", "{0EBC88C9-04CD-4A00-96BD-4281EED00085}"
EndProject
Project("{FAE04EC0-301F-11D3-BF4B-00C04F79EFBC}") = "Bakabase.Modules.Text", "modules\Bakabase.Modules.Text\Bakabase.Modules.Text.csproj", "{9ED1459F-6E9D-4AF0-A0B3-0C336FAF5412}"
EndProject
Project("{FAE04EC0-301F-11D3-BF4B-00C04F79EFBC}") = "Bakabase.Shell", "apps\Bakabase.Shell\Bakabase.Shell.csproj", "{59F9F19E-1178-4DEB-B41D-4C0B450C305B}"
EndProject
Project("{FAE04EC0-301F-11D3-BF4B-00C04F79EFBC}") = "Bakabase.Client", "apps\Bakabase.Client\Bakabase.Client.csproj", "{68DF3DA3-60E7-4206-99CE-EF30CF708DC1}"
EndProject
Global
	GlobalSection(SolutionConfigurationPlatforms) = preSolution
		Company|Any CPU = Company|Any CPU
		Company|x64 = Company|x64
		Company|x86 = Company|x86
		Debug|Any CPU = Debug|Any CPU
		Debug|x64 = Debug|x64
		Debug|x86 = Debug|x86
		Release|Any CPU = Release|Any CPU
		Release|x64 = Release|x64
		Release|x86 = Release|x86
	EndGlobalSection
	GlobalSection(ProjectConfigurationPlatforms) = postSolution
		{A4CE4BCE-3255-44FE-ABFB-1E8C5D2AA563}.Company|Any CPU.ActiveCfg = Company|Any CPU
		{A4CE4BCE-3255-44FE-ABFB-1E8C5D2AA563}.Company|Any CPU.Build.0 = Company|Any CPU
		{A4CE4BCE-3255-44FE-ABFB-1E8C5D2AA563}.Company|x64.ActiveCfg = Company|Any CPU
		{A4CE4BCE-3255-44FE-ABFB-1E8C5D2AA563}.Company|x64.Build.0 = Company|Any CPU
		{A4CE4BCE-3255-44FE-ABFB-1E8C5D2AA563}.Company|x86.ActiveCfg = Company|Any CPU
		{A4CE4BCE-3255-44FE-ABFB-1E8C5D2AA563}.Company|x86.Build.0 = Company|Any CPU
		{A4CE4BCE-3255-44FE-ABFB-1E8C5D2AA563}.Debug|Any CPU.ActiveCfg = Debug|Any CPU
		{A4CE4BCE-3255-44FE-ABFB-1E8C5D2AA563}.Debug|Any CPU.Build.0 = Debug|Any CPU
		{A4CE4BCE-3255-44FE-ABFB-1E8C5D2AA563}.Debug|x64.ActiveCfg = Debug|Any CPU
		{A4CE4BCE-3255-44FE-ABFB-1E8C5D2AA563}.Debug|x64.Build.0 = Debug|Any CPU
		{A4CE4BCE-3255-44FE-ABFB-1E8C5D2AA563}.Debug|x86.ActiveCfg = Debug|Any CPU
		{A4CE4BCE-3255-44FE-ABFB-1E8C5D2AA563}.Debug|x86.Build.0 = Debug|Any CPU
		{A4CE4BCE-3255-44FE-ABFB-1E8C5D2AA563}.Release|Any CPU.ActiveCfg = Release|Any CPU
		{A4CE4BCE-3255-44FE-ABFB-1E8C5D2AA563}.Release|Any CPU.Build.0 = Release|Any CPU
		{A4CE4BCE-3255-44FE-ABFB-1E8C5D2AA563}.Release|x64.ActiveCfg = Release|Any CPU
		{A4CE4BCE-3255-44FE-ABFB-1E8C5D2AA563}.Release|x64.Build.0 = Release|Any CPU
		{A4CE4BCE-3255-44FE-ABFB-1E8C5D2AA563}.Release|x86.ActiveCfg = Release|Any CPU
		{A4CE4BCE-3255-44FE-ABFB-1E8C5D2AA563}.Release|x86.Build.0 = Release|Any CPU
		{1B1A91F1-1366-4C68-993B-931CD7FFA060}.Company|Any CPU.ActiveCfg = Debug|Any CPU
		{1B1A91F1-1366-4C68-993B-931CD7FFA060}.Company|Any CPU.Build.0 = Debug|Any CPU
		{1B1A91F1-1366-4C68-993B-931CD7FFA060}.Company|x64.ActiveCfg = Company|Any CPU
		{1B1A91F1-1366-4C68-993B-931CD7FFA060}.Company|x64.Build.0 = Company|Any CPU
		{1B1A91F1-1366-4C68-993B-931CD7FFA060}.Company|x86.ActiveCfg = Company|Any CPU
		{1B1A91F1-1366-4C68-993B-931CD7FFA060}.Company|x86.Build.0 = Company|Any CPU
		{1B1A91F1-1366-4C68-993B-931CD7FFA060}.Debug|Any CPU.ActiveCfg = Debug|Any CPU
		{1B1A91F1-1366-4C68-993B-931CD7FFA060}.Debug|Any CPU.Build.0 = Debug|Any CPU
		{1B1A91F1-1366-4C68-993B-931CD7FFA060}.Debug|x64.ActiveCfg = Debug|Any CPU
		{1B1A91F1-1366-4C68-993B-931CD7FFA060}.Debug|x64.Build.0 = Debug|Any CPU
		{1B1A91F1-1366-4C68-993B-931CD7FFA060}.Debug|x86.ActiveCfg = Debug|Any CPU
		{1B1A91F1-1366-4C68-993B-931CD7FFA060}.Debug|x86.Build.0 = Debug|Any CPU
		{1B1A91F1-1366-4C68-993B-931CD7FFA060}.Release|Any CPU.ActiveCfg = Release|Any CPU
		{1B1A91F1-1366-4C68-993B-931CD7FFA060}.Release|Any CPU.Build.0 = Release|Any CPU
		{1B1A91F1-1366-4C68-993B-931CD7FFA060}.Release|x64.ActiveCfg = Release|Any CPU
		{1B1A91F1-1366-4C68-993B-931CD7FFA060}.Release|x64.Build.0 = Release|Any CPU
		{1B1A91F1-1366-4C68-993B-931CD7FFA060}.Release|x86.ActiveCfg = Release|Any CPU
		{1B1A91F1-1366-4C68-993B-931CD7FFA060}.Release|x86.Build.0 = Release|Any CPU
		{58F40FB9-B67D-4D48-BFFA-99CCCE21155E}.Company|Any CPU.ActiveCfg = Company|Any CPU
		{58F40FB9-B67D-4D48-BFFA-99CCCE21155E}.Company|Any CPU.Build.0 = Company|Any CPU
		{58F40FB9-B67D-4D48-BFFA-99CCCE21155E}.Company|x64.ActiveCfg = Company|Any CPU
		{58F40FB9-B67D-4D48-BFFA-99CCCE21155E}.Company|x64.Build.0 = Company|Any CPU
		{58F40FB9-B67D-4D48-BFFA-99CCCE21155E}.Company|x86.ActiveCfg = Company|Any CPU
		{58F40FB9-B67D-4D48-BFFA-99CCCE21155E}.Company|x86.Build.0 = Company|Any CPU
		{58F40FB9-B67D-4D48-BFFA-99CCCE21155E}.Debug|Any CPU.ActiveCfg = Debug|Any CPU
		{58F40FB9-B67D-4D48-BFFA-99CCCE21155E}.Debug|Any CPU.Build.0 = Debug|Any CPU
		{58F40FB9-B67D-4D48-BFFA-99CCCE21155E}.Debug|x64.ActiveCfg = Debug|Any CPU
		{58F40FB9-B67D-4D48-BFFA-99CCCE21155E}.Debug|x64.Build.0 = Debug|Any CPU
		{58F40FB9-B67D-4D48-BFFA-99CCCE21155E}.Debug|x86.ActiveCfg = Debug|Any CPU
		{58F40FB9-B67D-4D48-BFFA-99CCCE21155E}.Debug|x86.Build.0 = Debug|Any CPU
		{58F40FB9-B67D-4D48-BFFA-99CCCE21155E}.Release|Any CPU.ActiveCfg = Release|Any CPU
		{58F40FB9-B67D-4D48-BFFA-99CCCE21155E}.Release|Any CPU.Build.0 = Release|Any CPU
		{58F40FB9-B67D-4D48-BFFA-99CCCE21155E}.Release|x64.ActiveCfg = Release|Any CPU
		{58F40FB9-B67D-4D48-BFFA-99CCCE21155E}.Release|x64.Build.0 = Release|Any CPU
		{58F40FB9-B67D-4D48-BFFA-99CCCE21155E}.Release|x86.ActiveCfg = Release|Any CPU
		{58F40FB9-B67D-4D48-BFFA-99CCCE21155E}.Release|x86.Build.0 = Release|Any CPU
		{8E6D4AF9-EED3-47B4-8734-C996BC7A335E}.Company|Any CPU.ActiveCfg = Debug|Any CPU
		{8E6D4AF9-EED3-47B4-8734-C996BC7A335E}.Company|Any CPU.Build.0 = Debug|Any CPU
		{8E6D4AF9-EED3-47B4-8734-C996BC7A335E}.Company|x64.ActiveCfg = Company|Any CPU
		{8E6D4AF9-EED3-47B4-8734-C996BC7A335E}.Company|x64.Build.0 = Company|Any CPU
		{8E6D4AF9-EED3-47B4-8734-C996BC7A335E}.Company|x86.ActiveCfg = Company|Any CPU
		{8E6D4AF9-EED3-47B4-8734-C996BC7A335E}.Company|x86.Build.0 = Company|Any CPU
		{8E6D4AF9-EED3-47B4-8734-C996BC7A335E}.Debug|Any CPU.ActiveCfg = Debug|Any CPU
		{8E6D4AF9-EED3-47B4-8734-C996BC7A335E}.Debug|Any CPU.Build.0 = Debug|Any CPU
		{8E6D4AF9-EED3-47B4-8734-C996BC7A335E}.Debug|x64.ActiveCfg = Debug|Any CPU
		{8E6D4AF9-EED3-47B4-8734-C996BC7A335E}.Debug|x64.Build.0 = Debug|Any CPU
		{8E6D4AF9-EED3-47B4-8734-C996BC7A335E}.Debug|x86.ActiveCfg = Debug|Any CPU
		{8E6D4AF9-EED3-47B4-8734-C996BC7A335E}.Debug|x86.Build.0 = Debug|Any CPU
		{8E6D4AF9-EED3-47B4-8734-C996BC7A335E}.Release|Any CPU.ActiveCfg = Release|Any CPU
		{8E6D4AF9-EED3-47B4-8734-C996BC7A335E}.Release|Any CPU.Build.0 = Release|Any CPU
		{8E6D4AF9-EED3-47B4-8734-C996BC7A335E}.Release|x64.ActiveCfg = Release|Any CPU
		{8E6D4AF9-EED3-47B4-8734-C996BC7A335E}.Release|x64.Build.0 = Release|Any CPU
		{8E6D4AF9-EED3-47B4-8734-C996BC7A335E}.Release|x86.ActiveCfg = Release|Any CPU
		{8E6D4AF9-EED3-47B4-8734-C996BC7A335E}.Release|x86.Build.0 = Release|Any CPU
		{8E8737EE-8679-4C5A-9F66-3F8582C80247}.Company|Any CPU.ActiveCfg = Debug|Any CPU
		{8E8737EE-8679-4C5A-9F66-3F8582C80247}.Company|Any CPU.Build.0 = Debug|Any CPU
		{8E8737EE-8679-4C5A-9F66-3F8582C80247}.Company|x64.ActiveCfg = Company|Any CPU
		{8E8737EE-8679-4C5A-9F66-3F8582C80247}.Company|x64.Build.0 = Company|Any CPU
		{8E8737EE-8679-4C5A-9F66-3F8582C80247}.Company|x86.ActiveCfg = Company|Any CPU
		{8E8737EE-8679-4C5A-9F66-3F8582C80247}.Company|x86.Build.0 = Company|Any CPU
		{8E8737EE-8679-4C5A-9F66-3F8582C80247}.Debug|Any CPU.ActiveCfg = Debug|Any CPU
		{8E8737EE-8679-4C5A-9F66-3F8582C80247}.Debug|Any CPU.Build.0 = Debug|Any CPU
		{8E8737EE-8679-4C5A-9F66-3F8582C80247}.Debug|x64.ActiveCfg = Debug|Any CPU
		{8E8737EE-8679-4C5A-9F66-3F8582C80247}.Debug|x64.Build.0 = Debug|Any CPU
		{8E8737EE-8679-4C5A-9F66-3F8582C80247}.Debug|x86.ActiveCfg = Debug|Any CPU
		{8E8737EE-8679-4C5A-9F66-3F8582C80247}.Debug|x86.Build.0 = Debug|Any CPU
		{8E8737EE-8679-4C5A-9F66-3F8582C80247}.Release|Any CPU.ActiveCfg = Release|Any CPU
		{8E8737EE-8679-4C5A-9F66-3F8582C80247}.Release|Any CPU.Build.0 = Release|Any CPU
		{8E8737EE-8679-4C5A-9F66-3F8582C80247}.Release|x64.ActiveCfg = Release|Any CPU
		{8E8737EE-8679-4C5A-9F66-3F8582C80247}.Release|x64.Build.0 = Release|Any CPU
		{8E8737EE-8679-4C5A-9F66-3F8582C80247}.Release|x86.ActiveCfg = Release|Any CPU
		{8E8737EE-8679-4C5A-9F66-3F8582C80247}.Release|x86.Build.0 = Release|Any CPU
		{C0B8AA1F-37B0-4D9F-A25D-6A26DDED605B}.Company|Any CPU.ActiveCfg = Debug|Any CPU
		{C0B8AA1F-37B0-4D9F-A25D-6A26DDED605B}.Company|Any CPU.Build.0 = Debug|Any CPU
		{C0B8AA1F-37B0-4D9F-A25D-6A26DDED605B}.Company|x64.ActiveCfg = Company|Any CPU
		{C0B8AA1F-37B0-4D9F-A25D-6A26DDED605B}.Company|x64.Build.0 = Company|Any CPU
		{C0B8AA1F-37B0-4D9F-A25D-6A26DDED605B}.Company|x86.ActiveCfg = Company|Any CPU
		{C0B8AA1F-37B0-4D9F-A25D-6A26DDED605B}.Company|x86.Build.0 = Company|Any CPU
		{C0B8AA1F-37B0-4D9F-A25D-6A26DDED605B}.Debug|Any CPU.ActiveCfg = Debug|Any CPU
		{C0B8AA1F-37B0-4D9F-A25D-6A26DDED605B}.Debug|Any CPU.Build.0 = Debug|Any CPU
		{C0B8AA1F-37B0-4D9F-A25D-6A26DDED605B}.Debug|x64.ActiveCfg = Debug|Any CPU
		{C0B8AA1F-37B0-4D9F-A25D-6A26DDED605B}.Debug|x64.Build.0 = Debug|Any CPU
		{C0B8AA1F-37B0-4D9F-A25D-6A26DDED605B}.Debug|x86.ActiveCfg = Debug|Any CPU
		{C0B8AA1F-37B0-4D9F-A25D-6A26DDED605B}.Debug|x86.Build.0 = Debug|Any CPU
		{C0B8AA1F-37B0-4D9F-A25D-6A26DDED605B}.Release|Any CPU.ActiveCfg = Release|Any CPU
		{C0B8AA1F-37B0-4D9F-A25D-6A26DDED605B}.Release|Any CPU.Build.0 = Release|Any CPU
		{C0B8AA1F-37B0-4D9F-A25D-6A26DDED605B}.Release|x64.ActiveCfg = Release|Any CPU
		{C0B8AA1F-37B0-4D9F-A25D-6A26DDED605B}.Release|x64.Build.0 = Release|Any CPU
		{C0B8AA1F-37B0-4D9F-A25D-6A26DDED605B}.Release|x86.ActiveCfg = Release|Any CPU
		{C0B8AA1F-37B0-4D9F-A25D-6A26DDED605B}.Release|x86.Build.0 = Release|Any CPU
		{D12DCFFB-0F96-4221-B4A7-BEADEA5CFE57}.Company|Any CPU.ActiveCfg = Debug|Any CPU
		{D12DCFFB-0F96-4221-B4A7-BEADEA5CFE57}.Company|Any CPU.Build.0 = Debug|Any CPU
		{D12DCFFB-0F96-4221-B4A7-BEADEA5CFE57}.Company|x64.ActiveCfg = Company|Any CPU
		{D12DCFFB-0F96-4221-B4A7-BEADEA5CFE57}.Company|x64.Build.0 = Company|Any CPU
		{D12DCFFB-0F96-4221-B4A7-BEADEA5CFE57}.Company|x86.ActiveCfg = Company|Any CPU
		{D12DCFFB-0F96-4221-B4A7-BEADEA5CFE57}.Company|x86.Build.0 = Company|Any CPU
		{D12DCFFB-0F96-4221-B4A7-BEADEA5CFE57}.Debug|Any CPU.ActiveCfg = Debug|Any CPU
		{D12DCFFB-0F96-4221-B4A7-BEADEA5CFE57}.Debug|Any CPU.Build.0 = Debug|Any CPU
		{D12DCFFB-0F96-4221-B4A7-BEADEA5CFE57}.Debug|x64.ActiveCfg = Debug|Any CPU
		{D12DCFFB-0F96-4221-B4A7-BEADEA5CFE57}.Debug|x64.Build.0 = Debug|Any CPU
		{D12DCFFB-0F96-4221-B4A7-BEADEA5CFE57}.Debug|x86.ActiveCfg = Debug|Any CPU
		{D12DCFFB-0F96-4221-B4A7-BEADEA5CFE57}.Debug|x86.Build.0 = Debug|Any CPU
		{D12DCFFB-0F96-4221-B4A7-BEADEA5CFE57}.Release|Any CPU.ActiveCfg = Release|Any CPU
		{D12DCFFB-0F96-4221-B4A7-BEADEA5CFE57}.Release|Any CPU.Build.0 = Release|Any CPU
		{D12DCFFB-0F96-4221-B4A7-BEADEA5CFE57}.Release|x64.ActiveCfg = Release|Any CPU
		{D12DCFFB-0F96-4221-B4A7-BEADEA5CFE57}.Release|x64.Build.0 = Release|Any CPU
		{D12DCFFB-0F96-4221-B4A7-BEADEA5CFE57}.Release|x86.ActiveCfg = Release|Any CPU
		{D12DCFFB-0F96-4221-B4A7-BEADEA5CFE57}.Release|x86.Build.0 = Release|Any CPU
		{8686512A-39C1-4EEE-A3F5-101D50D07763}.Company|Any CPU.ActiveCfg = Debug|Any CPU
		{8686512A-39C1-4EEE-A3F5-101D50D07763}.Company|Any CPU.Build.0 = Debug|Any CPU
		{8686512A-39C1-4EEE-A3F5-101D50D07763}.Company|x64.ActiveCfg = Company|Any CPU
		{8686512A-39C1-4EEE-A3F5-101D50D07763}.Company|x64.Build.0 = Company|Any CPU
		{8686512A-39C1-4EEE-A3F5-101D50D07763}.Company|x86.ActiveCfg = Company|Any CPU
		{8686512A-39C1-4EEE-A3F5-101D50D07763}.Company|x86.Build.0 = Company|Any CPU
		{8686512A-39C1-4EEE-A3F5-101D50D07763}.Debug|Any CPU.ActiveCfg = Debug|Any CPU
		{8686512A-39C1-4EEE-A3F5-101D50D07763}.Debug|Any CPU.Build.0 = Debug|Any CPU
		{8686512A-39C1-4EEE-A3F5-101D50D07763}.Debug|x64.ActiveCfg = Debug|Any CPU
		{8686512A-39C1-4EEE-A3F5-101D50D07763}.Debug|x64.Build.0 = Debug|Any CPU
		{8686512A-39C1-4EEE-A3F5-101D50D07763}.Debug|x86.ActiveCfg = Debug|Any CPU
		{8686512A-39C1-4EEE-A3F5-101D50D07763}.Debug|x86.Build.0 = Debug|Any CPU
		{8686512A-39C1-4EEE-A3F5-101D50D07763}.Release|Any CPU.ActiveCfg = Release|Any CPU
		{8686512A-39C1-4EEE-A3F5-101D50D07763}.Release|Any CPU.Build.0 = Release|Any CPU
		{8686512A-39C1-4EEE-A3F5-101D50D07763}.Release|x64.ActiveCfg = Release|Any CPU
		{8686512A-39C1-4EEE-A3F5-101D50D07763}.Release|x64.Build.0 = Release|Any CPU
		{8686512A-39C1-4EEE-A3F5-101D50D07763}.Release|x86.ActiveCfg = Release|Any CPU
		{8686512A-39C1-4EEE-A3F5-101D50D07763}.Release|x86.Build.0 = Release|Any CPU
		{CB569CF2-09AA-4D76-8E51-278642C66E0D}.Company|Any CPU.ActiveCfg = Debug|Any CPU
		{CB569CF2-09AA-4D76-8E51-278642C66E0D}.Company|Any CPU.Build.0 = Debug|Any CPU
		{CB569CF2-09AA-4D76-8E51-278642C66E0D}.Company|x64.ActiveCfg = Company|Any CPU
		{CB569CF2-09AA-4D76-8E51-278642C66E0D}.Company|x64.Build.0 = Company|Any CPU
		{CB569CF2-09AA-4D76-8E51-278642C66E0D}.Company|x86.ActiveCfg = Company|Any CPU
		{CB569CF2-09AA-4D76-8E51-278642C66E0D}.Company|x86.Build.0 = Company|Any CPU
		{CB569CF2-09AA-4D76-8E51-278642C66E0D}.Debug|Any CPU.ActiveCfg = Debug|Any CPU
		{CB569CF2-09AA-4D76-8E51-278642C66E0D}.Debug|Any CPU.Build.0 = Debug|Any CPU
		{CB569CF2-09AA-4D76-8E51-278642C66E0D}.Debug|x64.ActiveCfg = Debug|Any CPU
		{CB569CF2-09AA-4D76-8E51-278642C66E0D}.Debug|x64.Build.0 = Debug|Any CPU
		{CB569CF2-09AA-4D76-8E51-278642C66E0D}.Debug|x86.ActiveCfg = Debug|Any CPU
		{CB569CF2-09AA-4D76-8E51-278642C66E0D}.Debug|x86.Build.0 = Debug|Any CPU
		{CB569CF2-09AA-4D76-8E51-278642C66E0D}.Release|Any CPU.ActiveCfg = Release|Any CPU
		{CB569CF2-09AA-4D76-8E51-278642C66E0D}.Release|Any CPU.Build.0 = Release|Any CPU
		{CB569CF2-09AA-4D76-8E51-278642C66E0D}.Release|x64.ActiveCfg = Release|Any CPU
		{CB569CF2-09AA-4D76-8E51-278642C66E0D}.Release|x64.Build.0 = Release|Any CPU
		{CB569CF2-09AA-4D76-8E51-278642C66E0D}.Release|x86.ActiveCfg = Release|Any CPU
		{CB569CF2-09AA-4D76-8E51-278642C66E0D}.Release|x86.Build.0 = Release|Any CPU
		{C7F49146-4E21-48E2-AEB4-8BA20E93E306}.Company|Any CPU.ActiveCfg = Debug|Any CPU
		{C7F49146-4E21-48E2-AEB4-8BA20E93E306}.Company|Any CPU.Build.0 = Debug|Any CPU
		{C7F49146-4E21-48E2-AEB4-8BA20E93E306}.Company|x64.ActiveCfg = Company|Any CPU
		{C7F49146-4E21-48E2-AEB4-8BA20E93E306}.Company|x64.Build.0 = Company|Any CPU
		{C7F49146-4E21-48E2-AEB4-8BA20E93E306}.Company|x86.ActiveCfg = Company|Any CPU
		{C7F49146-4E21-48E2-AEB4-8BA20E93E306}.Company|x86.Build.0 = Company|Any CPU
		{C7F49146-4E21-48E2-AEB4-8BA20E93E306}.Debug|Any CPU.ActiveCfg = Debug|Any CPU
		{C7F49146-4E21-48E2-AEB4-8BA20E93E306}.Debug|Any CPU.Build.0 = Debug|Any CPU
		{C7F49146-4E21-48E2-AEB4-8BA20E93E306}.Debug|x64.ActiveCfg = Debug|Any CPU
		{C7F49146-4E21-48E2-AEB4-8BA20E93E306}.Debug|x64.Build.0 = Debug|Any CPU
		{C7F49146-4E21-48E2-AEB4-8BA20E93E306}.Debug|x86.ActiveCfg = Debug|Any CPU
		{C7F49146-4E21-48E2-AEB4-8BA20E93E306}.Debug|x86.Build.0 = Debug|Any CPU
		{C7F49146-4E21-48E2-AEB4-8BA20E93E306}.Release|Any CPU.ActiveCfg = Release|Any CPU
		{C7F49146-4E21-48E2-AEB4-8BA20E93E306}.Release|Any CPU.Build.0 = Release|Any CPU
		{C7F49146-4E21-48E2-AEB4-8BA20E93E306}.Release|x64.ActiveCfg = Release|Any CPU
		{C7F49146-4E21-48E2-AEB4-8BA20E93E306}.Release|x64.Build.0 = Release|Any CPU
		{C7F49146-4E21-48E2-AEB4-8BA20E93E306}.Release|x86.ActiveCfg = Release|Any CPU
		{C7F49146-4E21-48E2-AEB4-8BA20E93E306}.Release|x86.Build.0 = Release|Any CPU
		{1622FBF0-8158-4622-A1E1-2AE627293C33}.Company|Any CPU.ActiveCfg = Debug|Any CPU
		{1622FBF0-8158-4622-A1E1-2AE627293C33}.Company|Any CPU.Build.0 = Debug|Any CPU
		{1622FBF0-8158-4622-A1E1-2AE627293C33}.Company|x64.ActiveCfg = Company|Any CPU
		{1622FBF0-8158-4622-A1E1-2AE627293C33}.Company|x64.Build.0 = Company|Any CPU
		{1622FBF0-8158-4622-A1E1-2AE627293C33}.Company|x86.ActiveCfg = Company|Any CPU
		{1622FBF0-8158-4622-A1E1-2AE627293C33}.Company|x86.Build.0 = Company|Any CPU
		{1622FBF0-8158-4622-A1E1-2AE627293C33}.Debug|Any CPU.ActiveCfg = Debug|Any CPU
		{1622FBF0-8158-4622-A1E1-2AE627293C33}.Debug|Any CPU.Build.0 = Debug|Any CPU
		{1622FBF0-8158-4622-A1E1-2AE627293C33}.Debug|x64.ActiveCfg = Debug|Any CPU
		{1622FBF0-8158-4622-A1E1-2AE627293C33}.Debug|x64.Build.0 = Debug|Any CPU
		{1622FBF0-8158-4622-A1E1-2AE627293C33}.Debug|x86.ActiveCfg = Debug|Any CPU
		{1622FBF0-8158-4622-A1E1-2AE627293C33}.Debug|x86.Build.0 = Debug|Any CPU
		{1622FBF0-8158-4622-A1E1-2AE627293C33}.Release|Any CPU.ActiveCfg = Release|Any CPU
		{1622FBF0-8158-4622-A1E1-2AE627293C33}.Release|Any CPU.Build.0 = Release|Any CPU
		{1622FBF0-8158-4622-A1E1-2AE627293C33}.Release|x64.ActiveCfg = Release|Any CPU
		{1622FBF0-8158-4622-A1E1-2AE627293C33}.Release|x64.Build.0 = Release|Any CPU
		{1622FBF0-8158-4622-A1E1-2AE627293C33}.Release|x86.ActiveCfg = Release|Any CPU
		{1622FBF0-8158-4622-A1E1-2AE627293C33}.Release|x86.Build.0 = Release|Any CPU
		{F36E2211-31DC-47E0-9F1A-2B19D00BB022}.Company|Any CPU.ActiveCfg = Debug|Any CPU
		{F36E2211-31DC-47E0-9F1A-2B19D00BB022}.Company|Any CPU.Build.0 = Debug|Any CPU
		{F36E2211-31DC-47E0-9F1A-2B19D00BB022}.Company|x64.ActiveCfg = Company|Any CPU
		{F36E2211-31DC-47E0-9F1A-2B19D00BB022}.Company|x64.Build.0 = Company|Any CPU
		{F36E2211-31DC-47E0-9F1A-2B19D00BB022}.Company|x86.ActiveCfg = Company|Any CPU
		{F36E2211-31DC-47E0-9F1A-2B19D00BB022}.Company|x86.Build.0 = Company|Any CPU
		{F36E2211-31DC-47E0-9F1A-2B19D00BB022}.Debug|Any CPU.ActiveCfg = Debug|Any CPU
		{F36E2211-31DC-47E0-9F1A-2B19D00BB022}.Debug|Any CPU.Build.0 = Debug|Any CPU
		{F36E2211-31DC-47E0-9F1A-2B19D00BB022}.Debug|x64.ActiveCfg = Debug|Any CPU
		{F36E2211-31DC-47E0-9F1A-2B19D00BB022}.Debug|x64.Build.0 = Debug|Any CPU
		{F36E2211-31DC-47E0-9F1A-2B19D00BB022}.Debug|x86.ActiveCfg = Debug|Any CPU
		{F36E2211-31DC-47E0-9F1A-2B19D00BB022}.Debug|x86.Build.0 = Debug|Any CPU
		{F36E2211-31DC-47E0-9F1A-2B19D00BB022}.Release|Any CPU.ActiveCfg = Release|Any CPU
		{F36E2211-31DC-47E0-9F1A-2B19D00BB022}.Release|Any CPU.Build.0 = Release|Any CPU
		{F36E2211-31DC-47E0-9F1A-2B19D00BB022}.Release|x64.ActiveCfg = Release|Any CPU
		{F36E2211-31DC-47E0-9F1A-2B19D00BB022}.Release|x64.Build.0 = Release|Any CPU
		{F36E2211-31DC-47E0-9F1A-2B19D00BB022}.Release|x86.ActiveCfg = Release|Any CPU
		{F36E2211-31DC-47E0-9F1A-2B19D00BB022}.Release|x86.Build.0 = Release|Any CPU
		{A1D7C1CB-B4B6-4F58-B3F8-C21AC1615C43}.Company|Any CPU.ActiveCfg = Debug|Any CPU
		{A1D7C1CB-B4B6-4F58-B3F8-C21AC1615C43}.Company|Any CPU.Build.0 = Debug|Any CPU
		{A1D7C1CB-B4B6-4F58-B3F8-C21AC1615C43}.Company|x64.ActiveCfg = Company|Any CPU
		{A1D7C1CB-B4B6-4F58-B3F8-C21AC1615C43}.Company|x64.Build.0 = Company|Any CPU
		{A1D7C1CB-B4B6-4F58-B3F8-C21AC1615C43}.Company|x86.ActiveCfg = Company|Any CPU
		{A1D7C1CB-B4B6-4F58-B3F8-C21AC1615C43}.Company|x86.Build.0 = Company|Any CPU
		{A1D7C1CB-B4B6-4F58-B3F8-C21AC1615C43}.Debug|Any CPU.ActiveCfg = Debug|Any CPU
		{A1D7C1CB-B4B6-4F58-B3F8-C21AC1615C43}.Debug|Any CPU.Build.0 = Debug|Any CPU
		{A1D7C1CB-B4B6-4F58-B3F8-C21AC1615C43}.Debug|x64.ActiveCfg = Debug|Any CPU
		{A1D7C1CB-B4B6-4F58-B3F8-C21AC1615C43}.Debug|x64.Build.0 = Debug|Any CPU
		{A1D7C1CB-B4B6-4F58-B3F8-C21AC1615C43}.Debug|x86.ActiveCfg = Debug|Any CPU
		{A1D7C1CB-B4B6-4F58-B3F8-C21AC1615C43}.Debug|x86.Build.0 = Debug|Any CPU
		{A1D7C1CB-B4B6-4F58-B3F8-C21AC1615C43}.Release|Any CPU.ActiveCfg = Release|Any CPU
		{A1D7C1CB-B4B6-4F58-B3F8-C21AC1615C43}.Release|Any CPU.Build.0 = Release|Any CPU
		{A1D7C1CB-B4B6-4F58-B3F8-C21AC1615C43}.Release|x64.ActiveCfg = Release|Any CPU
		{A1D7C1CB-B4B6-4F58-B3F8-C21AC1615C43}.Release|x64.Build.0 = Release|Any CPU
		{A1D7C1CB-B4B6-4F58-B3F8-C21AC1615C43}.Release|x86.ActiveCfg = Release|Any CPU
		{A1D7C1CB-B4B6-4F58-B3F8-C21AC1615C43}.Release|x86.Build.0 = Release|Any CPU
		{DAA9052A-52D8-42C2-B90B-696F40D60E96}.Company|Any CPU.ActiveCfg = Debug|Any CPU
		{DAA9052A-52D8-42C2-B90B-696F40D60E96}.Company|Any CPU.Build.0 = Debug|Any CPU
		{DAA9052A-52D8-42C2-B90B-696F40D60E96}.Company|x64.ActiveCfg = Company|Any CPU
		{DAA9052A-52D8-42C2-B90B-696F40D60E96}.Company|x64.Build.0 = Company|Any CPU
		{DAA9052A-52D8-42C2-B90B-696F40D60E96}.Company|x86.ActiveCfg = Company|Any CPU
		{DAA9052A-52D8-42C2-B90B-696F40D60E96}.Company|x86.Build.0 = Company|Any CPU
		{DAA9052A-52D8-42C2-B90B-696F40D60E96}.Debug|Any CPU.ActiveCfg = Debug|Any CPU
		{DAA9052A-52D8-42C2-B90B-696F40D60E96}.Debug|Any CPU.Build.0 = Debug|Any CPU
		{DAA9052A-52D8-42C2-B90B-696F40D60E96}.Debug|x64.ActiveCfg = Debug|Any CPU
		{DAA9052A-52D8-42C2-B90B-696F40D60E96}.Debug|x64.Build.0 = Debug|Any CPU
		{DAA9052A-52D8-42C2-B90B-696F40D60E96}.Debug|x86.ActiveCfg = Debug|Any CPU
		{DAA9052A-52D8-42C2-B90B-696F40D60E96}.Debug|x86.Build.0 = Debug|Any CPU
		{DAA9052A-52D8-42C2-B90B-696F40D60E96}.Release|Any CPU.ActiveCfg = Release|Any CPU
		{DAA9052A-52D8-42C2-B90B-696F40D60E96}.Release|Any CPU.Build.0 = Release|Any CPU
		{DAA9052A-52D8-42C2-B90B-696F40D60E96}.Release|x64.ActiveCfg = Release|Any CPU
		{DAA9052A-52D8-42C2-B90B-696F40D60E96}.Release|x64.Build.0 = Release|Any CPU
		{DAA9052A-52D8-42C2-B90B-696F40D60E96}.Release|x86.ActiveCfg = Release|Any CPU
		{DAA9052A-52D8-42C2-B90B-696F40D60E96}.Release|x86.Build.0 = Release|Any CPU
		{5359A72B-063C-4BDC-A65E-C7FA9D3D56AE}.Company|Any CPU.ActiveCfg = Debug|Any CPU
		{5359A72B-063C-4BDC-A65E-C7FA9D3D56AE}.Company|Any CPU.Build.0 = Debug|Any CPU
		{5359A72B-063C-4BDC-A65E-C7FA9D3D56AE}.Company|x64.ActiveCfg = Company|Any CPU
		{5359A72B-063C-4BDC-A65E-C7FA9D3D56AE}.Company|x64.Build.0 = Company|Any CPU
		{5359A72B-063C-4BDC-A65E-C7FA9D3D56AE}.Company|x86.ActiveCfg = Company|Any CPU
		{5359A72B-063C-4BDC-A65E-C7FA9D3D56AE}.Company|x86.Build.0 = Company|Any CPU
		{5359A72B-063C-4BDC-A65E-C7FA9D3D56AE}.Debug|Any CPU.ActiveCfg = Debug|Any CPU
		{5359A72B-063C-4BDC-A65E-C7FA9D3D56AE}.Debug|Any CPU.Build.0 = Debug|Any CPU
		{5359A72B-063C-4BDC-A65E-C7FA9D3D56AE}.Debug|x64.ActiveCfg = Debug|Any CPU
		{5359A72B-063C-4BDC-A65E-C7FA9D3D56AE}.Debug|x64.Build.0 = Debug|Any CPU
		{5359A72B-063C-4BDC-A65E-C7FA9D3D56AE}.Debug|x86.ActiveCfg = Debug|Any CPU
		{5359A72B-063C-4BDC-A65E-C7FA9D3D56AE}.Debug|x86.Build.0 = Debug|Any CPU
		{5359A72B-063C-4BDC-A65E-C7FA9D3D56AE}.Release|Any CPU.ActiveCfg = Release|Any CPU
		{5359A72B-063C-4BDC-A65E-C7FA9D3D56AE}.Release|Any CPU.Build.0 = Release|Any CPU
		{5359A72B-063C-4BDC-A65E-C7FA9D3D56AE}.Release|x64.ActiveCfg = Release|Any CPU
		{5359A72B-063C-4BDC-A65E-C7FA9D3D56AE}.Release|x64.Build.0 = Release|Any CPU
		{5359A72B-063C-4BDC-A65E-C7FA9D3D56AE}.Release|x86.ActiveCfg = Release|Any CPU
		{5359A72B-063C-4BDC-A65E-C7FA9D3D56AE}.Release|x86.Build.0 = Release|Any CPU
		{1C512718-9490-4984-B64F-6862BE5EABBB}.Company|Any CPU.ActiveCfg = Debug|Any CPU
		{1C512718-9490-4984-B64F-6862BE5EABBB}.Company|Any CPU.Build.0 = Debug|Any CPU
		{1C512718-9490-4984-B64F-6862BE5EABBB}.Company|x64.ActiveCfg = Company|Any CPU
		{1C512718-9490-4984-B64F-6862BE5EABBB}.Company|x64.Build.0 = Company|Any CPU
		{1C512718-9490-4984-B64F-6862BE5EABBB}.Company|x86.ActiveCfg = Company|Any CPU
		{1C512718-9490-4984-B64F-6862BE5EABBB}.Company|x86.Build.0 = Company|Any CPU
		{1C512718-9490-4984-B64F-6862BE5EABBB}.Debug|Any CPU.ActiveCfg = Debug|Any CPU
		{1C512718-9490-4984-B64F-6862BE5EABBB}.Debug|Any CPU.Build.0 = Debug|Any CPU
		{1C512718-9490-4984-B64F-6862BE5EABBB}.Debug|x64.ActiveCfg = Debug|Any CPU
		{1C512718-9490-4984-B64F-6862BE5EABBB}.Debug|x64.Build.0 = Debug|Any CPU
		{1C512718-9490-4984-B64F-6862BE5EABBB}.Debug|x86.ActiveCfg = Debug|Any CPU
		{1C512718-9490-4984-B64F-6862BE5EABBB}.Debug|x86.Build.0 = Debug|Any CPU
		{1C512718-9490-4984-B64F-6862BE5EABBB}.Release|Any CPU.ActiveCfg = Release|Any CPU
		{1C512718-9490-4984-B64F-6862BE5EABBB}.Release|Any CPU.Build.0 = Release|Any CPU
		{1C512718-9490-4984-B64F-6862BE5EABBB}.Release|x64.ActiveCfg = Release|Any CPU
		{1C512718-9490-4984-B64F-6862BE5EABBB}.Release|x64.Build.0 = Release|Any CPU
		{1C512718-9490-4984-B64F-6862BE5EABBB}.Release|x86.ActiveCfg = Release|Any CPU
		{1C512718-9490-4984-B64F-6862BE5EABBB}.Release|x86.Build.0 = Release|Any CPU
		{CE119E81-02F6-4E55-9F96-F234CA97ABAA}.Company|Any CPU.ActiveCfg = Debug|Any CPU
		{CE119E81-02F6-4E55-9F96-F234CA97ABAA}.Company|Any CPU.Build.0 = Debug|Any CPU
		{CE119E81-02F6-4E55-9F96-F234CA97ABAA}.Company|x64.ActiveCfg = Company|Any CPU
		{CE119E81-02F6-4E55-9F96-F234CA97ABAA}.Company|x64.Build.0 = Company|Any CPU
		{CE119E81-02F6-4E55-9F96-F234CA97ABAA}.Company|x86.ActiveCfg = Company|Any CPU
		{CE119E81-02F6-4E55-9F96-F234CA97ABAA}.Company|x86.Build.0 = Company|Any CPU
		{CE119E81-02F6-4E55-9F96-F234CA97ABAA}.Debug|Any CPU.ActiveCfg = Debug|Any CPU
		{CE119E81-02F6-4E55-9F96-F234CA97ABAA}.Debug|Any CPU.Build.0 = Debug|Any CPU
		{CE119E81-02F6-4E55-9F96-F234CA97ABAA}.Debug|x64.ActiveCfg = Debug|Any CPU
		{CE119E81-02F6-4E55-9F96-F234CA97ABAA}.Debug|x64.Build.0 = Debug|Any CPU
		{CE119E81-02F6-4E55-9F96-F234CA97ABAA}.Debug|x86.ActiveCfg = Debug|Any CPU
		{CE119E81-02F6-4E55-9F96-F234CA97ABAA}.Debug|x86.Build.0 = Debug|Any CPU
		{CE119E81-02F6-4E55-9F96-F234CA97ABAA}.Release|Any CPU.ActiveCfg = Release|Any CPU
		{CE119E81-02F6-4E55-9F96-F234CA97ABAA}.Release|Any CPU.Build.0 = Release|Any CPU
		{CE119E81-02F6-4E55-9F96-F234CA97ABAA}.Release|x64.ActiveCfg = Release|Any CPU
		{CE119E81-02F6-4E55-9F96-F234CA97ABAA}.Release|x64.Build.0 = Release|Any CPU
		{CE119E81-02F6-4E55-9F96-F234CA97ABAA}.Release|x86.ActiveCfg = Release|Any CPU
		{CE119E81-02F6-4E55-9F96-F234CA97ABAA}.Release|x86.Build.0 = Release|Any CPU
		{837DB2B3-A163-482E-A405-278C48080EBA}.Company|Any CPU.ActiveCfg = Debug|Any CPU
		{837DB2B3-A163-482E-A405-278C48080EBA}.Company|Any CPU.Build.0 = Debug|Any CPU
		{837DB2B3-A163-482E-A405-278C48080EBA}.Company|x64.ActiveCfg = Company|Any CPU
		{837DB2B3-A163-482E-A405-278C48080EBA}.Company|x64.Build.0 = Company|Any CPU
		{837DB2B3-A163-482E-A405-278C48080EBA}.Company|x86.ActiveCfg = Company|Any CPU
		{837DB2B3-A163-482E-A405-278C48080EBA}.Company|x86.Build.0 = Company|Any CPU
		{837DB2B3-A163-482E-A405-278C48080EBA}.Debug|Any CPU.ActiveCfg = Debug|Any CPU
		{837DB2B3-A163-482E-A405-278C48080EBA}.Debug|Any CPU.Build.0 = Debug|Any CPU
		{837DB2B3-A163-482E-A405-278C48080EBA}.Debug|x64.ActiveCfg = Debug|Any CPU
		{837DB2B3-A163-482E-A405-278C48080EBA}.Debug|x64.Build.0 = Debug|Any CPU
		{837DB2B3-A163-482E-A405-278C48080EBA}.Debug|x86.ActiveCfg = Debug|Any CPU
		{837DB2B3-A163-482E-A405-278C48080EBA}.Debug|x86.Build.0 = Debug|Any CPU
		{837DB2B3-A163-482E-A405-278C48080EBA}.Release|Any CPU.ActiveCfg = Release|Any CPU
		{837DB2B3-A163-482E-A405-278C48080EBA}.Release|Any CPU.Build.0 = Release|Any CPU
		{837DB2B3-A163-482E-A405-278C48080EBA}.Release|x64.ActiveCfg = Release|Any CPU
		{837DB2B3-A163-482E-A405-278C48080EBA}.Release|x64.Build.0 = Release|Any CPU
		{837DB2B3-A163-482E-A405-278C48080EBA}.Release|x86.ActiveCfg = Release|Any CPU
		{837DB2B3-A163-482E-A405-278C48080EBA}.Release|x86.Build.0 = Release|Any CPU
		{24FEC1DD-F0E7-40FD-8330-732EF59DE795}.Company|Any CPU.ActiveCfg = Debug|Any CPU
		{24FEC1DD-F0E7-40FD-8330-732EF59DE795}.Company|Any CPU.Build.0 = Debug|Any CPU
		{24FEC1DD-F0E7-40FD-8330-732EF59DE795}.Company|x64.ActiveCfg = Company|Any CPU
		{24FEC1DD-F0E7-40FD-8330-732EF59DE795}.Company|x64.Build.0 = Company|Any CPU
		{24FEC1DD-F0E7-40FD-8330-732EF59DE795}.Company|x86.ActiveCfg = Company|Any CPU
		{24FEC1DD-F0E7-40FD-8330-732EF59DE795}.Company|x86.Build.0 = Company|Any CPU
		{24FEC1DD-F0E7-40FD-8330-732EF59DE795}.Debug|Any CPU.ActiveCfg = Debug|Any CPU
		{24FEC1DD-F0E7-40FD-8330-732EF59DE795}.Debug|Any CPU.Build.0 = Debug|Any CPU
		{24FEC1DD-F0E7-40FD-8330-732EF59DE795}.Debug|x64.ActiveCfg = Debug|Any CPU
		{24FEC1DD-F0E7-40FD-8330-732EF59DE795}.Debug|x64.Build.0 = Debug|Any CPU
		{24FEC1DD-F0E7-40FD-8330-732EF59DE795}.Debug|x86.ActiveCfg = Debug|Any CPU
		{24FEC1DD-F0E7-40FD-8330-732EF59DE795}.Debug|x86.Build.0 = Debug|Any CPU
		{24FEC1DD-F0E7-40FD-8330-732EF59DE795}.Release|Any CPU.ActiveCfg = Release|Any CPU
		{24FEC1DD-F0E7-40FD-8330-732EF59DE795}.Release|Any CPU.Build.0 = Release|Any CPU
		{24FEC1DD-F0E7-40FD-8330-732EF59DE795}.Release|x64.ActiveCfg = Release|Any CPU
		{24FEC1DD-F0E7-40FD-8330-732EF59DE795}.Release|x64.Build.0 = Release|Any CPU
		{24FEC1DD-F0E7-40FD-8330-732EF59DE795}.Release|x86.ActiveCfg = Release|Any CPU
		{24FEC1DD-F0E7-40FD-8330-732EF59DE795}.Release|x86.Build.0 = Release|Any CPU
		{31B23806-C781-46C1-BF91-33E266CD331A}.Company|Any CPU.ActiveCfg = Debug|Any CPU
		{31B23806-C781-46C1-BF91-33E266CD331A}.Company|Any CPU.Build.0 = Debug|Any CPU
		{31B23806-C781-46C1-BF91-33E266CD331A}.Company|x64.ActiveCfg = Company|Any CPU
		{31B23806-C781-46C1-BF91-33E266CD331A}.Company|x64.Build.0 = Company|Any CPU
		{31B23806-C781-46C1-BF91-33E266CD331A}.Company|x86.ActiveCfg = Company|Any CPU
		{31B23806-C781-46C1-BF91-33E266CD331A}.Company|x86.Build.0 = Company|Any CPU
		{31B23806-C781-46C1-BF91-33E266CD331A}.Debug|Any CPU.ActiveCfg = Debug|Any CPU
		{31B23806-C781-46C1-BF91-33E266CD331A}.Debug|Any CPU.Build.0 = Debug|Any CPU
		{31B23806-C781-46C1-BF91-33E266CD331A}.Debug|x64.ActiveCfg = Debug|Any CPU
		{31B23806-C781-46C1-BF91-33E266CD331A}.Debug|x64.Build.0 = Debug|Any CPU
		{31B23806-C781-46C1-BF91-33E266CD331A}.Debug|x86.ActiveCfg = Debug|Any CPU
		{31B23806-C781-46C1-BF91-33E266CD331A}.Debug|x86.Build.0 = Debug|Any CPU
		{31B23806-C781-46C1-BF91-33E266CD331A}.Release|Any CPU.ActiveCfg = Release|Any CPU
		{31B23806-C781-46C1-BF91-33E266CD331A}.Release|Any CPU.Build.0 = Release|Any CPU
		{31B23806-C781-46C1-BF91-33E266CD331A}.Release|x64.ActiveCfg = Release|Any CPU
		{31B23806-C781-46C1-BF91-33E266CD331A}.Release|x64.Build.0 = Release|Any CPU
		{31B23806-C781-46C1-BF91-33E266CD331A}.Release|x86.ActiveCfg = Release|Any CPU
		{31B23806-C781-46C1-BF91-33E266CD331A}.Release|x86.Build.0 = Release|Any CPU
		{4D3CC5C2-B686-46CC-A32E-DE095D4CDEB0}.Company|Any CPU.ActiveCfg = Debug|Any CPU
		{4D3CC5C2-B686-46CC-A32E-DE095D4CDEB0}.Company|Any CPU.Build.0 = Debug|Any CPU
		{4D3CC5C2-B686-46CC-A32E-DE095D4CDEB0}.Company|x64.ActiveCfg = Company|Any CPU
		{4D3CC5C2-B686-46CC-A32E-DE095D4CDEB0}.Company|x64.Build.0 = Company|Any CPU
		{4D3CC5C2-B686-46CC-A32E-DE095D4CDEB0}.Company|x86.ActiveCfg = Company|Any CPU
		{4D3CC5C2-B686-46CC-A32E-DE095D4CDEB0}.Company|x86.Build.0 = Company|Any CPU
		{4D3CC5C2-B686-46CC-A32E-DE095D4CDEB0}.Debug|Any CPU.ActiveCfg = Debug|Any CPU
		{4D3CC5C2-B686-46CC-A32E-DE095D4CDEB0}.Debug|Any CPU.Build.0 = Debug|Any CPU
		{4D3CC5C2-B686-46CC-A32E-DE095D4CDEB0}.Debug|x64.ActiveCfg = Debug|Any CPU
		{4D3CC5C2-B686-46CC-A32E-DE095D4CDEB0}.Debug|x64.Build.0 = Debug|Any CPU
		{4D3CC5C2-B686-46CC-A32E-DE095D4CDEB0}.Debug|x86.ActiveCfg = Debug|Any CPU
		{4D3CC5C2-B686-46CC-A32E-DE095D4CDEB0}.Debug|x86.Build.0 = Debug|Any CPU
		{4D3CC5C2-B686-46CC-A32E-DE095D4CDEB0}.Release|Any CPU.ActiveCfg = Release|Any CPU
		{4D3CC5C2-B686-46CC-A32E-DE095D4CDEB0}.Release|Any CPU.Build.0 = Release|Any CPU
		{4D3CC5C2-B686-46CC-A32E-DE095D4CDEB0}.Release|x64.ActiveCfg = Release|Any CPU
		{4D3CC5C2-B686-46CC-A32E-DE095D4CDEB0}.Release|x64.Build.0 = Release|Any CPU
		{4D3CC5C2-B686-46CC-A32E-DE095D4CDEB0}.Release|x86.ActiveCfg = Release|Any CPU
		{4D3CC5C2-B686-46CC-A32E-DE095D4CDEB0}.Release|x86.Build.0 = Release|Any CPU
		{374077BC-8044-4206-87CB-8D4FAA5C56A2}.Company|Any CPU.ActiveCfg = Debug|Any CPU
		{374077BC-8044-4206-87CB-8D4FAA5C56A2}.Company|Any CPU.Build.0 = Debug|Any CPU
		{374077BC-8044-4206-87CB-8D4FAA5C56A2}.Company|x64.ActiveCfg = Company|Any CPU
		{374077BC-8044-4206-87CB-8D4FAA5C56A2}.Company|x64.Build.0 = Company|Any CPU
		{374077BC-8044-4206-87CB-8D4FAA5C56A2}.Company|x86.ActiveCfg = Company|Any CPU
		{374077BC-8044-4206-87CB-8D4FAA5C56A2}.Company|x86.Build.0 = Company|Any CPU
		{374077BC-8044-4206-87CB-8D4FAA5C56A2}.Debug|Any CPU.ActiveCfg = Debug|Any CPU
		{374077BC-8044-4206-87CB-8D4FAA5C56A2}.Debug|Any CPU.Build.0 = Debug|Any CPU
		{374077BC-8044-4206-87CB-8D4FAA5C56A2}.Debug|x64.ActiveCfg = Debug|Any CPU
		{374077BC-8044-4206-87CB-8D4FAA5C56A2}.Debug|x64.Build.0 = Debug|Any CPU
		{374077BC-8044-4206-87CB-8D4FAA5C56A2}.Debug|x86.ActiveCfg = Debug|Any CPU
		{374077BC-8044-4206-87CB-8D4FAA5C56A2}.Debug|x86.Build.0 = Debug|Any CPU
		{374077BC-8044-4206-87CB-8D4FAA5C56A2}.Release|Any CPU.ActiveCfg = Release|Any CPU
		{374077BC-8044-4206-87CB-8D4FAA5C56A2}.Release|Any CPU.Build.0 = Release|Any CPU
		{374077BC-8044-4206-87CB-8D4FAA5C56A2}.Release|x64.ActiveCfg = Release|Any CPU
		{374077BC-8044-4206-87CB-8D4FAA5C56A2}.Release|x64.Build.0 = Release|Any CPU
		{374077BC-8044-4206-87CB-8D4FAA5C56A2}.Release|x86.ActiveCfg = Release|Any CPU
		{374077BC-8044-4206-87CB-8D4FAA5C56A2}.Release|x86.Build.0 = Release|Any CPU
		{B2A1F7E3-4C8D-4A6B-9E2F-1D3C5A7B8E9F}.Company|Any CPU.ActiveCfg = Debug|Any CPU
		{B2A1F7E3-4C8D-4A6B-9E2F-1D3C5A7B8E9F}.Company|Any CPU.Build.0 = Debug|Any CPU
		{B2A1F7E3-4C8D-4A6B-9E2F-1D3C5A7B8E9F}.Company|x64.ActiveCfg = Company|Any CPU
		{B2A1F7E3-4C8D-4A6B-9E2F-1D3C5A7B8E9F}.Company|x64.Build.0 = Company|Any CPU
		{B2A1F7E3-4C8D-4A6B-9E2F-1D3C5A7B8E9F}.Company|x86.ActiveCfg = Company|Any CPU
		{B2A1F7E3-4C8D-4A6B-9E2F-1D3C5A7B8E9F}.Company|x86.Build.0 = Company|Any CPU
		{B2A1F7E3-4C8D-4A6B-9E2F-1D3C5A7B8E9F}.Debug|Any CPU.ActiveCfg = Debug|Any CPU
		{B2A1F7E3-4C8D-4A6B-9E2F-1D3C5A7B8E9F}.Debug|Any CPU.Build.0 = Debug|Any CPU
		{B2A1F7E3-4C8D-4A6B-9E2F-1D3C5A7B8E9F}.Debug|x64.ActiveCfg = Debug|Any CPU
		{B2A1F7E3-4C8D-4A6B-9E2F-1D3C5A7B8E9F}.Debug|x64.Build.0 = Debug|Any CPU
		{B2A1F7E3-4C8D-4A6B-9E2F-1D3C5A7B8E9F}.Debug|x86.ActiveCfg = Debug|Any CPU
		{B2A1F7E3-4C8D-4A6B-9E2F-1D3C5A7B8E9F}.Debug|x86.Build.0 = Debug|Any CPU
		{B2A1F7E3-4C8D-4A6B-9E2F-1D3C5A7B8E9F}.Release|Any CPU.ActiveCfg = Release|Any CPU
		{B2A1F7E3-4C8D-4A6B-9E2F-1D3C5A7B8E9F}.Release|Any CPU.Build.0 = Release|Any CPU
		{B2A1F7E3-4C8D-4A6B-9E2F-1D3C5A7B8E9F}.Release|x64.ActiveCfg = Release|Any CPU
		{B2A1F7E3-4C8D-4A6B-9E2F-1D3C5A7B8E9F}.Release|x64.Build.0 = Release|Any CPU
		{B2A1F7E3-4C8D-4A6B-9E2F-1D3C5A7B8E9F}.Release|x86.ActiveCfg = Release|Any CPU
		{B2A1F7E3-4C8D-4A6B-9E2F-1D3C5A7B8E9F}.Release|x86.Build.0 = Release|Any CPU
		{B1007AC3-EE23-4B52-AE0B-7A6613C388CA}.Company|Any CPU.ActiveCfg = Debug|Any CPU
		{B1007AC3-EE23-4B52-AE0B-7A6613C388CA}.Company|Any CPU.Build.0 = Debug|Any CPU
		{B1007AC3-EE23-4B52-AE0B-7A6613C388CA}.Company|x64.ActiveCfg = Debug|Any CPU
		{B1007AC3-EE23-4B52-AE0B-7A6613C388CA}.Company|x64.Build.0 = Debug|Any CPU
		{B1007AC3-EE23-4B52-AE0B-7A6613C388CA}.Company|x86.ActiveCfg = Debug|Any CPU
		{B1007AC3-EE23-4B52-AE0B-7A6613C388CA}.Company|x86.Build.0 = Debug|Any CPU
		{B1007AC3-EE23-4B52-AE0B-7A6613C388CA}.Debug|Any CPU.ActiveCfg = Debug|Any CPU
		{B1007AC3-EE23-4B52-AE0B-7A6613C388CA}.Debug|Any CPU.Build.0 = Debug|Any CPU
		{B1007AC3-EE23-4B52-AE0B-7A6613C388CA}.Debug|x64.ActiveCfg = Debug|Any CPU
		{B1007AC3-EE23-4B52-AE0B-7A6613C388CA}.Debug|x64.Build.0 = Debug|Any CPU
		{B1007AC3-EE23-4B52-AE0B-7A6613C388CA}.Debug|x86.ActiveCfg = Debug|Any CPU
		{B1007AC3-EE23-4B52-AE0B-7A6613C388CA}.Debug|x86.Build.0 = Debug|Any CPU
		{B1007AC3-EE23-4B52-AE0B-7A6613C388CA}.Release|Any CPU.ActiveCfg = Release|Any CPU
		{B1007AC3-EE23-4B52-AE0B-7A6613C388CA}.Release|Any CPU.Build.0 = Release|Any CPU
		{B1007AC3-EE23-4B52-AE0B-7A6613C388CA}.Release|x64.ActiveCfg = Release|Any CPU
		{B1007AC3-EE23-4B52-AE0B-7A6613C388CA}.Release|x64.Build.0 = Release|Any CPU
		{B1007AC3-EE23-4B52-AE0B-7A6613C388CA}.Release|x86.ActiveCfg = Release|Any CPU
		{B1007AC3-EE23-4B52-AE0B-7A6613C388CA}.Release|x86.Build.0 = Release|Any CPU
		{0524D4D9-62C4-4FE5-9036-0A0934896DD4}.Company|Any CPU.ActiveCfg = Debug|Any CPU
		{0524D4D9-62C4-4FE5-9036-0A0934896DD4}.Company|Any CPU.Build.0 = Debug|Any CPU
		{0524D4D9-62C4-4FE5-9036-0A0934896DD4}.Company|x64.ActiveCfg = Debug|Any CPU
		{0524D4D9-62C4-4FE5-9036-0A0934896DD4}.Company|x64.Build.0 = Debug|Any CPU
		{0524D4D9-62C4-4FE5-9036-0A0934896DD4}.Company|x86.ActiveCfg = Debug|Any CPU
		{0524D4D9-62C4-4FE5-9036-0A0934896DD4}.Company|x86.Build.0 = Debug|Any CPU
		{0524D4D9-62C4-4FE5-9036-0A0934896DD4}.Debug|Any CPU.ActiveCfg = Debug|Any CPU
		{0524D4D9-62C4-4FE5-9036-0A0934896DD4}.Debug|Any CPU.Build.0 = Debug|Any CPU
		{0524D4D9-62C4-4FE5-9036-0A0934896DD4}.Debug|x64.ActiveCfg = Debug|Any CPU
		{0524D4D9-62C4-4FE5-9036-0A0934896DD4}.Debug|x64.Build.0 = Debug|Any CPU
		{0524D4D9-62C4-4FE5-9036-0A0934896DD4}.Debug|x86.ActiveCfg = Debug|Any CPU
		{0524D4D9-62C4-4FE5-9036-0A0934896DD4}.Debug|x86.Build.0 = Debug|Any CPU
		{0524D4D9-62C4-4FE5-9036-0A0934896DD4}.Release|Any CPU.ActiveCfg = Release|Any CPU
		{0524D4D9-62C4-4FE5-9036-0A0934896DD4}.Release|Any CPU.Build.0 = Release|Any CPU
		{0524D4D9-62C4-4FE5-9036-0A0934896DD4}.Release|x64.ActiveCfg = Release|Any CPU
		{0524D4D9-62C4-4FE5-9036-0A0934896DD4}.Release|x64.Build.0 = Release|Any CPU
		{0524D4D9-62C4-4FE5-9036-0A0934896DD4}.Release|x86.ActiveCfg = Release|Any CPU
		{0524D4D9-62C4-4FE5-9036-0A0934896DD4}.Release|x86.Build.0 = Release|Any CPU
		{0FE34BD0-4EEC-406C-B8CA-3BA0A9224042}.Company|Any CPU.ActiveCfg = Debug|Any CPU
		{0FE34BD0-4EEC-406C-B8CA-3BA0A9224042}.Company|Any CPU.Build.0 = Debug|Any CPU
		{0FE34BD0-4EEC-406C-B8CA-3BA0A9224042}.Company|x64.ActiveCfg = Debug|Any CPU
		{0FE34BD0-4EEC-406C-B8CA-3BA0A9224042}.Company|x64.Build.0 = Debug|Any CPU
		{0FE34BD0-4EEC-406C-B8CA-3BA0A9224042}.Company|x86.ActiveCfg = Debug|Any CPU
		{0FE34BD0-4EEC-406C-B8CA-3BA0A9224042}.Company|x86.Build.0 = Debug|Any CPU
		{0FE34BD0-4EEC-406C-B8CA-3BA0A9224042}.Debug|Any CPU.ActiveCfg = Debug|Any CPU
		{0FE34BD0-4EEC-406C-B8CA-3BA0A9224042}.Debug|Any CPU.Build.0 = Debug|Any CPU
		{0FE34BD0-4EEC-406C-B8CA-3BA0A9224042}.Debug|x64.ActiveCfg = Debug|Any CPU
		{0FE34BD0-4EEC-406C-B8CA-3BA0A9224042}.Debug|x64.Build.0 = Debug|Any CPU
		{0FE34BD0-4EEC-406C-B8CA-3BA0A9224042}.Debug|x86.ActiveCfg = Debug|Any CPU
		{0FE34BD0-4EEC-406C-B8CA-3BA0A9224042}.Debug|x86.Build.0 = Debug|Any CPU
		{0FE34BD0-4EEC-406C-B8CA-3BA0A9224042}.Release|Any CPU.ActiveCfg = Release|Any CPU
		{0FE34BD0-4EEC-406C-B8CA-3BA0A9224042}.Release|Any CPU.Build.0 = Release|Any CPU
		{0FE34BD0-4EEC-406C-B8CA-3BA0A9224042}.Release|x64.ActiveCfg = Release|Any CPU
		{0FE34BD0-4EEC-406C-B8CA-3BA0A9224042}.Release|x64.Build.0 = Release|Any CPU
		{0FE34BD0-4EEC-406C-B8CA-3BA0A9224042}.Release|x86.ActiveCfg = Release|Any CPU
		{0FE34BD0-4EEC-406C-B8CA-3BA0A9224042}.Release|x86.Build.0 = Release|Any CPU
		{6AAB039D-A4B5-464F-8279-BBB2A4B943D8}.Company|Any CPU.ActiveCfg = Debug|Any CPU
		{6AAB039D-A4B5-464F-8279-BBB2A4B943D8}.Company|Any CPU.Build.0 = Debug|Any CPU
		{6AAB039D-A4B5-464F-8279-BBB2A4B943D8}.Company|x64.ActiveCfg = Debug|Any CPU
		{6AAB039D-A4B5-464F-8279-BBB2A4B943D8}.Company|x64.Build.0 = Debug|Any CPU
		{6AAB039D-A4B5-464F-8279-BBB2A4B943D8}.Company|x86.ActiveCfg = Debug|Any CPU
		{6AAB039D-A4B5-464F-8279-BBB2A4B943D8}.Company|x86.Build.0 = Debug|Any CPU
		{6AAB039D-A4B5-464F-8279-BBB2A4B943D8}.Debug|Any CPU.ActiveCfg = Debug|Any CPU
		{6AAB039D-A4B5-464F-8279-BBB2A4B943D8}.Debug|Any CPU.Build.0 = Debug|Any CPU
		{6AAB039D-A4B5-464F-8279-BBB2A4B943D8}.Debug|x64.ActiveCfg = Debug|Any CPU
		{6AAB039D-A4B5-464F-8279-BBB2A4B943D8}.Debug|x64.Build.0 = Debug|Any CPU
		{6AAB039D-A4B5-464F-8279-BBB2A4B943D8}.Debug|x86.ActiveCfg = Debug|Any CPU
		{6AAB039D-A4B5-464F-8279-BBB2A4B943D8}.Debug|x86.Build.0 = Debug|Any CPU
		{6AAB039D-A4B5-464F-8279-BBB2A4B943D8}.Release|Any CPU.ActiveCfg = Release|Any CPU
		{6AAB039D-A4B5-464F-8279-BBB2A4B943D8}.Release|Any CPU.Build.0 = Release|Any CPU
		{6AAB039D-A4B5-464F-8279-BBB2A4B943D8}.Release|x64.ActiveCfg = Release|Any CPU
		{6AAB039D-A4B5-464F-8279-BBB2A4B943D8}.Release|x64.Build.0 = Release|Any CPU
		{6AAB039D-A4B5-464F-8279-BBB2A4B943D8}.Release|x86.ActiveCfg = Release|Any CPU
		{6AAB039D-A4B5-464F-8279-BBB2A4B943D8}.Release|x86.Build.0 = Release|Any CPU
		{DEBA43DE-B581-4565-A139-A36C95F98309}.Company|Any CPU.ActiveCfg = Debug|Any CPU
		{DEBA43DE-B581-4565-A139-A36C95F98309}.Company|Any CPU.Build.0 = Debug|Any CPU
		{DEBA43DE-B581-4565-A139-A36C95F98309}.Company|x64.ActiveCfg = Debug|Any CPU
		{DEBA43DE-B581-4565-A139-A36C95F98309}.Company|x64.Build.0 = Debug|Any CPU
		{DEBA43DE-B581-4565-A139-A36C95F98309}.Company|x86.ActiveCfg = Debug|Any CPU
		{DEBA43DE-B581-4565-A139-A36C95F98309}.Company|x86.Build.0 = Debug|Any CPU
		{DEBA43DE-B581-4565-A139-A36C95F98309}.Debug|Any CPU.ActiveCfg = Debug|Any CPU
		{DEBA43DE-B581-4565-A139-A36C95F98309}.Debug|Any CPU.Build.0 = Debug|Any CPU
		{DEBA43DE-B581-4565-A139-A36C95F98309}.Debug|x64.ActiveCfg = Debug|Any CPU
		{DEBA43DE-B581-4565-A139-A36C95F98309}.Debug|x64.Build.0 = Debug|Any CPU
		{DEBA43DE-B581-4565-A139-A36C95F98309}.Debug|x86.ActiveCfg = Debug|Any CPU
		{DEBA43DE-B581-4565-A139-A36C95F98309}.Debug|x86.Build.0 = Debug|Any CPU
		{DEBA43DE-B581-4565-A139-A36C95F98309}.Release|Any CPU.ActiveCfg = Release|Any CPU
		{DEBA43DE-B581-4565-A139-A36C95F98309}.Release|Any CPU.Build.0 = Release|Any CPU
		{DEBA43DE-B581-4565-A139-A36C95F98309}.Release|x64.ActiveCfg = Release|Any CPU
		{DEBA43DE-B581-4565-A139-A36C95F98309}.Release|x64.Build.0 = Release|Any CPU
		{DEBA43DE-B581-4565-A139-A36C95F98309}.Release|x86.ActiveCfg = Release|Any CPU
		{DEBA43DE-B581-4565-A139-A36C95F98309}.Release|x86.Build.0 = Release|Any CPU
		{CFCF68BF-A12E-437D-9122-E0DEB9C162E6}.Company|Any CPU.ActiveCfg = Debug|Any CPU
		{CFCF68BF-A12E-437D-9122-E0DEB9C162E6}.Company|Any CPU.Build.0 = Debug|Any CPU
		{CFCF68BF-A12E-437D-9122-E0DEB9C162E6}.Company|x64.ActiveCfg = Debug|Any CPU
		{CFCF68BF-A12E-437D-9122-E0DEB9C162E6}.Company|x64.Build.0 = Debug|Any CPU
		{CFCF68BF-A12E-437D-9122-E0DEB9C162E6}.Company|x86.ActiveCfg = Debug|Any CPU
		{CFCF68BF-A12E-437D-9122-E0DEB9C162E6}.Company|x86.Build.0 = Debug|Any CPU
		{CFCF68BF-A12E-437D-9122-E0DEB9C162E6}.Debug|Any CPU.ActiveCfg = Debug|Any CPU
		{CFCF68BF-A12E-437D-9122-E0DEB9C162E6}.Debug|Any CPU.Build.0 = Debug|Any CPU
		{CFCF68BF-A12E-437D-9122-E0DEB9C162E6}.Debug|x64.ActiveCfg = Debug|Any CPU
		{CFCF68BF-A12E-437D-9122-E0DEB9C162E6}.Debug|x64.Build.0 = Debug|Any CPU
		{CFCF68BF-A12E-437D-9122-E0DEB9C162E6}.Debug|x86.ActiveCfg = Debug|Any CPU
		{CFCF68BF-A12E-437D-9122-E0DEB9C162E6}.Debug|x86.Build.0 = Debug|Any CPU
		{CFCF68BF-A12E-437D-9122-E0DEB9C162E6}.Release|Any CPU.ActiveCfg = Release|Any CPU
		{CFCF68BF-A12E-437D-9122-E0DEB9C162E6}.Release|Any CPU.Build.0 = Release|Any CPU
		{CFCF68BF-A12E-437D-9122-E0DEB9C162E6}.Release|x64.ActiveCfg = Release|Any CPU
		{CFCF68BF-A12E-437D-9122-E0DEB9C162E6}.Release|x64.Build.0 = Release|Any CPU
		{CFCF68BF-A12E-437D-9122-E0DEB9C162E6}.Release|x86.ActiveCfg = Release|Any CPU
		{CFCF68BF-A12E-437D-9122-E0DEB9C162E6}.Release|x86.Build.0 = Release|Any CPU
		{041E795D-1B15-4640-9A57-9BECAD006BC0}.Company|Any CPU.ActiveCfg = Debug|Any CPU
		{041E795D-1B15-4640-9A57-9BECAD006BC0}.Company|Any CPU.Build.0 = Debug|Any CPU
		{041E795D-1B15-4640-9A57-9BECAD006BC0}.Company|x64.ActiveCfg = Debug|Any CPU
		{041E795D-1B15-4640-9A57-9BECAD006BC0}.Company|x64.Build.0 = Debug|Any CPU
		{041E795D-1B15-4640-9A57-9BECAD006BC0}.Company|x86.ActiveCfg = Debug|Any CPU
		{041E795D-1B15-4640-9A57-9BECAD006BC0}.Company|x86.Build.0 = Debug|Any CPU
		{041E795D-1B15-4640-9A57-9BECAD006BC0}.Debug|Any CPU.ActiveCfg = Debug|Any CPU
		{041E795D-1B15-4640-9A57-9BECAD006BC0}.Debug|Any CPU.Build.0 = Debug|Any CPU
		{041E795D-1B15-4640-9A57-9BECAD006BC0}.Debug|x64.ActiveCfg = Debug|Any CPU
		{041E795D-1B15-4640-9A57-9BECAD006BC0}.Debug|x64.Build.0 = Debug|Any CPU
		{041E795D-1B15-4640-9A57-9BECAD006BC0}.Debug|x86.ActiveCfg = Debug|Any CPU
		{041E795D-1B15-4640-9A57-9BECAD006BC0}.Debug|x86.Build.0 = Debug|Any CPU
		{041E795D-1B15-4640-9A57-9BECAD006BC0}.Release|Any CPU.ActiveCfg = Release|Any CPU
		{041E795D-1B15-4640-9A57-9BECAD006BC0}.Release|Any CPU.Build.0 = Release|Any CPU
		{041E795D-1B15-4640-9A57-9BECAD006BC0}.Release|x64.ActiveCfg = Release|Any CPU
		{041E795D-1B15-4640-9A57-9BECAD006BC0}.Release|x64.Build.0 = Release|Any CPU
		{041E795D-1B15-4640-9A57-9BECAD006BC0}.Release|x86.ActiveCfg = Release|Any CPU
		{041E795D-1B15-4640-9A57-9BECAD006BC0}.Release|x86.Build.0 = Release|Any CPU
		{6B7C49BF-E437-4F6B-B669-5ED5CA940222}.Company|Any CPU.ActiveCfg = Debug|Any CPU
		{6B7C49BF-E437-4F6B-B669-5ED5CA940222}.Company|Any CPU.Build.0 = Debug|Any CPU
		{6B7C49BF-E437-4F6B-B669-5ED5CA940222}.Company|x64.ActiveCfg = Debug|Any CPU
		{6B7C49BF-E437-4F6B-B669-5ED5CA940222}.Company|x64.Build.0 = Debug|Any CPU
		{6B7C49BF-E437-4F6B-B669-5ED5CA940222}.Company|x86.ActiveCfg = Debug|Any CPU
		{6B7C49BF-E437-4F6B-B669-5ED5CA940222}.Company|x86.Build.0 = Debug|Any CPU
		{6B7C49BF-E437-4F6B-B669-5ED5CA940222}.Debug|Any CPU.ActiveCfg = Debug|Any CPU
		{6B7C49BF-E437-4F6B-B669-5ED5CA940222}.Debug|Any CPU.Build.0 = Debug|Any CPU
		{6B7C49BF-E437-4F6B-B669-5ED5CA940222}.Debug|x64.ActiveCfg = Debug|Any CPU
		{6B7C49BF-E437-4F6B-B669-5ED5CA940222}.Debug|x64.Build.0 = Debug|Any CPU
		{6B7C49BF-E437-4F6B-B669-5ED5CA940222}.Debug|x86.ActiveCfg = Debug|Any CPU
		{6B7C49BF-E437-4F6B-B669-5ED5CA940222}.Debug|x86.Build.0 = Debug|Any CPU
		{6B7C49BF-E437-4F6B-B669-5ED5CA940222}.Release|Any CPU.ActiveCfg = Release|Any CPU
		{6B7C49BF-E437-4F6B-B669-5ED5CA940222}.Release|Any CPU.Build.0 = Release|Any CPU
		{6B7C49BF-E437-4F6B-B669-5ED5CA940222}.Release|x64.ActiveCfg = Release|Any CPU
		{6B7C49BF-E437-4F6B-B669-5ED5CA940222}.Release|x64.Build.0 = Release|Any CPU
		{6B7C49BF-E437-4F6B-B669-5ED5CA940222}.Release|x86.ActiveCfg = Release|Any CPU
		{6B7C49BF-E437-4F6B-B669-5ED5CA940222}.Release|x86.Build.0 = Release|Any CPU
		{EE4480BB-4320-4221-AE4C-395731E7FFF9}.Company|Any CPU.ActiveCfg = Debug|Any CPU
		{EE4480BB-4320-4221-AE4C-395731E7FFF9}.Company|Any CPU.Build.0 = Debug|Any CPU
		{EE4480BB-4320-4221-AE4C-395731E7FFF9}.Company|x64.ActiveCfg = Debug|Any CPU
		{EE4480BB-4320-4221-AE4C-395731E7FFF9}.Company|x64.Build.0 = Debug|Any CPU
		{EE4480BB-4320-4221-AE4C-395731E7FFF9}.Company|x86.ActiveCfg = Debug|Any CPU
		{EE4480BB-4320-4221-AE4C-395731E7FFF9}.Company|x86.Build.0 = Debug|Any CPU
		{EE4480BB-4320-4221-AE4C-395731E7FFF9}.Debug|Any CPU.ActiveCfg = Debug|Any CPU
		{EE4480BB-4320-4221-AE4C-395731E7FFF9}.Debug|Any CPU.Build.0 = Debug|Any CPU
		{EE4480BB-4320-4221-AE4C-395731E7FFF9}.Debug|x64.ActiveCfg = Debug|Any CPU
		{EE4480BB-4320-4221-AE4C-395731E7FFF9}.Debug|x64.Build.0 = Debug|Any CPU
		{EE4480BB-4320-4221-AE4C-395731E7FFF9}.Debug|x86.ActiveCfg = Debug|Any CPU
		{EE4480BB-4320-4221-AE4C-395731E7FFF9}.Debug|x86.Build.0 = Debug|Any CPU
		{EE4480BB-4320-4221-AE4C-395731E7FFF9}.Release|Any CPU.ActiveCfg = Release|Any CPU
		{EE4480BB-4320-4221-AE4C-395731E7FFF9}.Release|Any CPU.Build.0 = Release|Any CPU
		{EE4480BB-4320-4221-AE4C-395731E7FFF9}.Release|x64.ActiveCfg = Release|Any CPU
		{EE4480BB-4320-4221-AE4C-395731E7FFF9}.Release|x64.Build.0 = Release|Any CPU
		{EE4480BB-4320-4221-AE4C-395731E7FFF9}.Release|x86.ActiveCfg = Release|Any CPU
		{EE4480BB-4320-4221-AE4C-395731E7FFF9}.Release|x86.Build.0 = Release|Any CPU
		{8C98A41A-41E9-4789-B963-5855D6C22616}.Company|Any CPU.ActiveCfg = Debug|Any CPU
		{8C98A41A-41E9-4789-B963-5855D6C22616}.Company|Any CPU.Build.0 = Debug|Any CPU
		{8C98A41A-41E9-4789-B963-5855D6C22616}.Company|x64.ActiveCfg = Debug|Any CPU
		{8C98A41A-41E9-4789-B963-5855D6C22616}.Company|x64.Build.0 = Debug|Any CPU
		{8C98A41A-41E9-4789-B963-5855D6C22616}.Company|x86.ActiveCfg = Debug|Any CPU
		{8C98A41A-41E9-4789-B963-5855D6C22616}.Company|x86.Build.0 = Debug|Any CPU
		{8C98A41A-41E9-4789-B963-5855D6C22616}.Debug|Any CPU.ActiveCfg = Debug|Any CPU
		{8C98A41A-41E9-4789-B963-5855D6C22616}.Debug|Any CPU.Build.0 = Debug|Any CPU
		{8C98A41A-41E9-4789-B963-5855D6C22616}.Debug|x64.ActiveCfg = Debug|Any CPU
		{8C98A41A-41E9-4789-B963-5855D6C22616}.Debug|x64.Build.0 = Debug|Any CPU
		{8C98A41A-41E9-4789-B963-5855D6C22616}.Debug|x86.ActiveCfg = Debug|Any CPU
		{8C98A41A-41E9-4789-B963-5855D6C22616}.Debug|x86.Build.0 = Debug|Any CPU
		{8C98A41A-41E9-4789-B963-5855D6C22616}.Release|Any CPU.ActiveCfg = Release|Any CPU
		{8C98A41A-41E9-4789-B963-5855D6C22616}.Release|Any CPU.Build.0 = Release|Any CPU
		{8C98A41A-41E9-4789-B963-5855D6C22616}.Release|x64.ActiveCfg = Release|Any CPU
		{8C98A41A-41E9-4789-B963-5855D6C22616}.Release|x64.Build.0 = Release|Any CPU
		{8C98A41A-41E9-4789-B963-5855D6C22616}.Release|x86.ActiveCfg = Release|Any CPU
		{8C98A41A-41E9-4789-B963-5855D6C22616}.Release|x86.Build.0 = Release|Any CPU
		{59155976-B214-4B97-86F9-7867D5CB52E2}.Company|Any CPU.ActiveCfg = Debug|Any CPU
		{59155976-B214-4B97-86F9-7867D5CB52E2}.Company|Any CPU.Build.0 = Debug|Any CPU
		{59155976-B214-4B97-86F9-7867D5CB52E2}.Company|x64.ActiveCfg = Debug|Any CPU
		{59155976-B214-4B97-86F9-7867D5CB52E2}.Company|x64.Build.0 = Debug|Any CPU
		{59155976-B214-4B97-86F9-7867D5CB52E2}.Company|x86.ActiveCfg = Debug|Any CPU
		{59155976-B214-4B97-86F9-7867D5CB52E2}.Company|x86.Build.0 = Debug|Any CPU
		{59155976-B214-4B97-86F9-7867D5CB52E2}.Debug|Any CPU.ActiveCfg = Debug|Any CPU
		{59155976-B214-4B97-86F9-7867D5CB52E2}.Debug|Any CPU.Build.0 = Debug|Any CPU
		{59155976-B214-4B97-86F9-7867D5CB52E2}.Debug|x64.ActiveCfg = Debug|Any CPU
		{59155976-B214-4B97-86F9-7867D5CB52E2}.Debug|x64.Build.0 = Debug|Any CPU
		{59155976-B214-4B97-86F9-7867D5CB52E2}.Debug|x86.ActiveCfg = Debug|Any CPU
		{59155976-B214-4B97-86F9-7867D5CB52E2}.Debug|x86.Build.0 = Debug|Any CPU
		{59155976-B214-4B97-86F9-7867D5CB52E2}.Release|Any CPU.ActiveCfg = Release|Any CPU
		{59155976-B214-4B97-86F9-7867D5CB52E2}.Release|Any CPU.Build.0 = Release|Any CPU
		{59155976-B214-4B97-86F9-7867D5CB52E2}.Release|x64.ActiveCfg = Release|Any CPU
		{59155976-B214-4B97-86F9-7867D5CB52E2}.Release|x64.Build.0 = Release|Any CPU
		{59155976-B214-4B97-86F9-7867D5CB52E2}.Release|x86.ActiveCfg = Release|Any CPU
		{59155976-B214-4B97-86F9-7867D5CB52E2}.Release|x86.Build.0 = Release|Any CPU
		{5810F169-DDF8-4F07-BA83-0C8C014EE057}.Company|Any CPU.ActiveCfg = Debug|Any CPU
		{5810F169-DDF8-4F07-BA83-0C8C014EE057}.Company|Any CPU.Build.0 = Debug|Any CPU
		{5810F169-DDF8-4F07-BA83-0C8C014EE057}.Company|x64.ActiveCfg = Debug|Any CPU
		{5810F169-DDF8-4F07-BA83-0C8C014EE057}.Company|x64.Build.0 = Debug|Any CPU
		{5810F169-DDF8-4F07-BA83-0C8C014EE057}.Company|x86.ActiveCfg = Debug|Any CPU
		{5810F169-DDF8-4F07-BA83-0C8C014EE057}.Company|x86.Build.0 = Debug|Any CPU
		{5810F169-DDF8-4F07-BA83-0C8C014EE057}.Debug|Any CPU.ActiveCfg = Debug|Any CPU
		{5810F169-DDF8-4F07-BA83-0C8C014EE057}.Debug|Any CPU.Build.0 = Debug|Any CPU
		{5810F169-DDF8-4F07-BA83-0C8C014EE057}.Debug|x64.ActiveCfg = Debug|Any CPU
		{5810F169-DDF8-4F07-BA83-0C8C014EE057}.Debug|x64.Build.0 = Debug|Any CPU
		{5810F169-DDF8-4F07-BA83-0C8C014EE057}.Debug|x86.ActiveCfg = Debug|Any CPU
		{5810F169-DDF8-4F07-BA83-0C8C014EE057}.Debug|x86.Build.0 = Debug|Any CPU
		{5810F169-DDF8-4F07-BA83-0C8C014EE057}.Release|Any CPU.ActiveCfg = Release|Any CPU
		{5810F169-DDF8-4F07-BA83-0C8C014EE057}.Release|Any CPU.Build.0 = Release|Any CPU
		{5810F169-DDF8-4F07-BA83-0C8C014EE057}.Release|x64.ActiveCfg = Release|Any CPU
		{5810F169-DDF8-4F07-BA83-0C8C014EE057}.Release|x64.Build.0 = Release|Any CPU
		{5810F169-DDF8-4F07-BA83-0C8C014EE057}.Release|x86.ActiveCfg = Release|Any CPU
		{5810F169-DDF8-4F07-BA83-0C8C014EE057}.Release|x86.Build.0 = Release|Any CPU
		{61B0FBB7-0EEA-4659-ABE0-383C656D4609}.Company|Any CPU.ActiveCfg = Debug|Any CPU
		{61B0FBB7-0EEA-4659-ABE0-383C656D4609}.Company|Any CPU.Build.0 = Debug|Any CPU
		{61B0FBB7-0EEA-4659-ABE0-383C656D4609}.Company|x64.ActiveCfg = Debug|Any CPU
		{61B0FBB7-0EEA-4659-ABE0-383C656D4609}.Company|x64.Build.0 = Debug|Any CPU
		{61B0FBB7-0EEA-4659-ABE0-383C656D4609}.Company|x86.ActiveCfg = Debug|Any CPU
		{61B0FBB7-0EEA-4659-ABE0-383C656D4609}.Company|x86.Build.0 = Debug|Any CPU
		{61B0FBB7-0EEA-4659-ABE0-383C656D4609}.Debug|Any CPU.ActiveCfg = Debug|Any CPU
		{61B0FBB7-0EEA-4659-ABE0-383C656D4609}.Debug|Any CPU.Build.0 = Debug|Any CPU
		{61B0FBB7-0EEA-4659-ABE0-383C656D4609}.Debug|x64.ActiveCfg = Debug|Any CPU
		{61B0FBB7-0EEA-4659-ABE0-383C656D4609}.Debug|x64.Build.0 = Debug|Any CPU
		{61B0FBB7-0EEA-4659-ABE0-383C656D4609}.Debug|x86.ActiveCfg = Debug|Any CPU
		{61B0FBB7-0EEA-4659-ABE0-383C656D4609}.Debug|x86.Build.0 = Debug|Any CPU
		{61B0FBB7-0EEA-4659-ABE0-383C656D4609}.Release|Any CPU.ActiveCfg = Release|Any CPU
		{61B0FBB7-0EEA-4659-ABE0-383C656D4609}.Release|Any CPU.Build.0 = Release|Any CPU
		{61B0FBB7-0EEA-4659-ABE0-383C656D4609}.Release|x64.ActiveCfg = Release|Any CPU
		{61B0FBB7-0EEA-4659-ABE0-383C656D4609}.Release|x64.Build.0 = Release|Any CPU
		{61B0FBB7-0EEA-4659-ABE0-383C656D4609}.Release|x86.ActiveCfg = Release|Any CPU
		{61B0FBB7-0EEA-4659-ABE0-383C656D4609}.Release|x86.Build.0 = Release|Any CPU
		{8570DCE0-A603-4AD6-A28D-5B28F8C1D7F9}.Company|Any CPU.ActiveCfg = Debug|Any CPU
		{8570DCE0-A603-4AD6-A28D-5B28F8C1D7F9}.Company|Any CPU.Build.0 = Debug|Any CPU
		{8570DCE0-A603-4AD6-A28D-5B28F8C1D7F9}.Company|x64.ActiveCfg = Debug|Any CPU
		{8570DCE0-A603-4AD6-A28D-5B28F8C1D7F9}.Company|x64.Build.0 = Debug|Any CPU
		{8570DCE0-A603-4AD6-A28D-5B28F8C1D7F9}.Company|x86.ActiveCfg = Debug|Any CPU
		{8570DCE0-A603-4AD6-A28D-5B28F8C1D7F9}.Company|x86.Build.0 = Debug|Any CPU
		{8570DCE0-A603-4AD6-A28D-5B28F8C1D7F9}.Debug|Any CPU.ActiveCfg = Debug|Any CPU
		{8570DCE0-A603-4AD6-A28D-5B28F8C1D7F9}.Debug|Any CPU.Build.0 = Debug|Any CPU
		{8570DCE0-A603-4AD6-A28D-5B28F8C1D7F9}.Debug|x64.ActiveCfg = Debug|Any CPU
		{8570DCE0-A603-4AD6-A28D-5B28F8C1D7F9}.Debug|x64.Build.0 = Debug|Any CPU
		{8570DCE0-A603-4AD6-A28D-5B28F8C1D7F9}.Debug|x86.ActiveCfg = Debug|Any CPU
		{8570DCE0-A603-4AD6-A28D-5B28F8C1D7F9}.Debug|x86.Build.0 = Debug|Any CPU
		{8570DCE0-A603-4AD6-A28D-5B28F8C1D7F9}.Release|Any CPU.ActiveCfg = Release|Any CPU
		{8570DCE0-A603-4AD6-A28D-5B28F8C1D7F9}.Release|Any CPU.Build.0 = Release|Any CPU
		{8570DCE0-A603-4AD6-A28D-5B28F8C1D7F9}.Release|x64.ActiveCfg = Release|Any CPU
		{8570DCE0-A603-4AD6-A28D-5B28F8C1D7F9}.Release|x64.Build.0 = Release|Any CPU
		{8570DCE0-A603-4AD6-A28D-5B28F8C1D7F9}.Release|x86.ActiveCfg = Release|Any CPU
		{8570DCE0-A603-4AD6-A28D-5B28F8C1D7F9}.Release|x86.Build.0 = Release|Any CPU
		{4033B5DE-9488-4E62-8A72-104EB27CD539}.Company|Any CPU.ActiveCfg = Debug|Any CPU
		{4033B5DE-9488-4E62-8A72-104EB27CD539}.Company|Any CPU.Build.0 = Debug|Any CPU
		{4033B5DE-9488-4E62-8A72-104EB27CD539}.Company|x64.ActiveCfg = Debug|Any CPU
		{4033B5DE-9488-4E62-8A72-104EB27CD539}.Company|x64.Build.0 = Debug|Any CPU
		{4033B5DE-9488-4E62-8A72-104EB27CD539}.Company|x86.ActiveCfg = Debug|Any CPU
		{4033B5DE-9488-4E62-8A72-104EB27CD539}.Company|x86.Build.0 = Debug|Any CPU
		{4033B5DE-9488-4E62-8A72-104EB27CD539}.Debug|Any CPU.ActiveCfg = Debug|Any CPU
		{4033B5DE-9488-4E62-8A72-104EB27CD539}.Debug|Any CPU.Build.0 = Debug|Any CPU
		{4033B5DE-9488-4E62-8A72-104EB27CD539}.Debug|x64.ActiveCfg = Debug|Any CPU
		{4033B5DE-9488-4E62-8A72-104EB27CD539}.Debug|x64.Build.0 = Debug|Any CPU
		{4033B5DE-9488-4E62-8A72-104EB27CD539}.Debug|x86.ActiveCfg = Debug|Any CPU
		{4033B5DE-9488-4E62-8A72-104EB27CD539}.Debug|x86.Build.0 = Debug|Any CPU
		{4033B5DE-9488-4E62-8A72-104EB27CD539}.Release|Any CPU.ActiveCfg = Release|Any CPU
		{4033B5DE-9488-4E62-8A72-104EB27CD539}.Release|Any CPU.Build.0 = Release|Any CPU
		{4033B5DE-9488-4E62-8A72-104EB27CD539}.Release|x64.ActiveCfg = Release|Any CPU
		{4033B5DE-9488-4E62-8A72-104EB27CD539}.Release|x64.Build.0 = Release|Any CPU
		{4033B5DE-9488-4E62-8A72-104EB27CD539}.Release|x86.ActiveCfg = Release|Any CPU
		{4033B5DE-9488-4E62-8A72-104EB27CD539}.Release|x86.Build.0 = Release|Any CPU
		{0EBC88C9-04CD-4A00-96BD-4281EED00085}.Company|Any CPU.ActiveCfg = Debug|Any CPU
		{0EBC88C9-04CD-4A00-96BD-4281EED00085}.Company|Any CPU.Build.0 = Debug|Any CPU
		{0EBC88C9-04CD-4A00-96BD-4281EED00085}.Company|x64.ActiveCfg = Debug|Any CPU
		{0EBC88C9-04CD-4A00-96BD-4281EED00085}.Company|x64.Build.0 = Debug|Any CPU
		{0EBC88C9-04CD-4A00-96BD-4281EED00085}.Company|x86.ActiveCfg = Debug|Any CPU
		{0EBC88C9-04CD-4A00-96BD-4281EED00085}.Company|x86.Build.0 = Debug|Any CPU
		{0EBC88C9-04CD-4A00-96BD-4281EED00085}.Debug|Any CPU.ActiveCfg = Debug|Any CPU
		{0EBC88C9-04CD-4A00-96BD-4281EED00085}.Debug|Any CPU.Build.0 = Debug|Any CPU
		{0EBC88C9-04CD-4A00-96BD-4281EED00085}.Debug|x64.ActiveCfg = Debug|Any CPU
		{0EBC88C9-04CD-4A00-96BD-4281EED00085}.Debug|x64.Build.0 = Debug|Any CPU
		{0EBC88C9-04CD-4A00-96BD-4281EED00085}.Debug|x86.ActiveCfg = Debug|Any CPU
		{0EBC88C9-04CD-4A00-96BD-4281EED00085}.Debug|x86.Build.0 = Debug|Any CPU
		{0EBC88C9-04CD-4A00-96BD-4281EED00085}.Release|Any CPU.ActiveCfg = Release|Any CPU
		{0EBC88C9-04CD-4A00-96BD-4281EED00085}.Release|Any CPU.Build.0 = Release|Any CPU
		{0EBC88C9-04CD-4A00-96BD-4281EED00085}.Release|x64.ActiveCfg = Release|Any CPU
		{0EBC88C9-04CD-4A00-96BD-4281EED00085}.Release|x64.Build.0 = Release|Any CPU
		{0EBC88C9-04CD-4A00-96BD-4281EED00085}.Release|x86.ActiveCfg = Release|Any CPU
		{0EBC88C9-04CD-4A00-96BD-4281EED00085}.Release|x86.Build.0 = Release|Any CPU
		{9ED1459F-6E9D-4AF0-A0B3-0C336FAF5412}.Company|Any CPU.ActiveCfg = Debug|Any CPU
		{9ED1459F-6E9D-4AF0-A0B3-0C336FAF5412}.Company|Any CPU.Build.0 = Debug|Any CPU
		{9ED1459F-6E9D-4AF0-A0B3-0C336FAF5412}.Company|x64.ActiveCfg = Debug|Any CPU
		{9ED1459F-6E9D-4AF0-A0B3-0C336FAF5412}.Company|x64.Build.0 = Debug|Any CPU
		{9ED1459F-6E9D-4AF0-A0B3-0C336FAF5412}.Company|x86.ActiveCfg = Debug|Any CPU
		{9ED1459F-6E9D-4AF0-A0B3-0C336FAF5412}.Company|x86.Build.0 = Debug|Any CPU
		{9ED1459F-6E9D-4AF0-A0B3-0C336FAF5412}.Debug|Any CPU.ActiveCfg = Debug|Any CPU
		{9ED1459F-6E9D-4AF0-A0B3-0C336FAF5412}.Debug|Any CPU.Build.0 = Debug|Any CPU
		{9ED1459F-6E9D-4AF0-A0B3-0C336FAF5412}.Debug|x64.ActiveCfg = Debug|Any CPU
		{9ED1459F-6E9D-4AF0-A0B3-0C336FAF5412}.Debug|x64.Build.0 = Debug|Any CPU
		{9ED1459F-6E9D-4AF0-A0B3-0C336FAF5412}.Debug|x86.ActiveCfg = Debug|Any CPU
		{9ED1459F-6E9D-4AF0-A0B3-0C336FAF5412}.Debug|x86.Build.0 = Debug|Any CPU
		{9ED1459F-6E9D-4AF0-A0B3-0C336FAF5412}.Release|Any CPU.ActiveCfg = Release|Any CPU
		{9ED1459F-6E9D-4AF0-A0B3-0C336FAF5412}.Release|Any CPU.Build.0 = Release|Any CPU
		{9ED1459F-6E9D-4AF0-A0B3-0C336FAF5412}.Release|x64.ActiveCfg = Release|Any CPU
		{9ED1459F-6E9D-4AF0-A0B3-0C336FAF5412}.Release|x64.Build.0 = Release|Any CPU
		{9ED1459F-6E9D-4AF0-A0B3-0C336FAF5412}.Release|x86.ActiveCfg = Release|Any CPU
		{9ED1459F-6E9D-4AF0-A0B3-0C336FAF5412}.Release|x86.Build.0 = Release|Any CPU
		{59F9F19E-1178-4DEB-B41D-4C0B450C305B}.Company|Any CPU.ActiveCfg = Debug|Any CPU
		{59F9F19E-1178-4DEB-B41D-4C0B450C305B}.Company|Any CPU.Build.0 = Debug|Any CPU
		{59F9F19E-1178-4DEB-B41D-4C0B450C305B}.Company|x64.ActiveCfg = Debug|Any CPU
		{59F9F19E-1178-4DEB-B41D-4C0B450C305B}.Company|x64.Build.0 = Debug|Any CPU
		{59F9F19E-1178-4DEB-B41D-4C0B450C305B}.Company|x86.ActiveCfg = Debug|Any CPU
		{59F9F19E-1178-4DEB-B41D-4C0B450C305B}.Company|x86.Build.0 = Debug|Any CPU
		{59F9F19E-1178-4DEB-B41D-4C0B450C305B}.Debug|Any CPU.ActiveCfg = Debug|Any CPU
		{59F9F19E-1178-4DEB-B41D-4C0B450C305B}.Debug|Any CPU.Build.0 = Debug|Any CPU
		{59F9F19E-1178-4DEB-B41D-4C0B450C305B}.Debug|x64.ActiveCfg = Debug|Any CPU
		{59F9F19E-1178-4DEB-B41D-4C0B450C305B}.Debug|x64.Build.0 = Debug|Any CPU
		{59F9F19E-1178-4DEB-B41D-4C0B450C305B}.Debug|x86.ActiveCfg = Debug|Any CPU
		{59F9F19E-1178-4DEB-B41D-4C0B450C305B}.Debug|x86.Build.0 = Debug|Any CPU
		{59F9F19E-1178-4DEB-B41D-4C0B450C305B}.Release|Any CPU.ActiveCfg = Release|Any CPU
		{59F9F19E-1178-4DEB-B41D-4C0B450C305B}.Release|Any CPU.Build.0 = Release|Any CPU
		{59F9F19E-1178-4DEB-B41D-4C0B450C305B}.Release|x64.ActiveCfg = Release|Any CPU
		{59F9F19E-1178-4DEB-B41D-4C0B450C305B}.Release|x64.Build.0 = Release|Any CPU
		{59F9F19E-1178-4DEB-B41D-4C0B450C305B}.Release|x86.ActiveCfg = Release|Any CPU
		{59F9F19E-1178-4DEB-B41D-4C0B450C305B}.Release|x86.Build.0 = Release|Any CPU
		{68DF3DA3-60E7-4206-99CE-EF30CF708DC1}.Company|Any CPU.ActiveCfg = Debug|Any CPU
		{68DF3DA3-60E7-4206-99CE-EF30CF708DC1}.Company|Any CPU.Build.0 = Debug|Any CPU
		{68DF3DA3-60E7-4206-99CE-EF30CF708DC1}.Company|x64.ActiveCfg = Debug|Any CPU
		{68DF3DA3-60E7-4206-99CE-EF30CF708DC1}.Company|x64.Build.0 = Debug|Any CPU
		{68DF3DA3-60E7-4206-99CE-EF30CF708DC1}.Company|x86.ActiveCfg = Debug|Any CPU
		{68DF3DA3-60E7-4206-99CE-EF30CF708DC1}.Company|x86.Build.0 = Debug|Any CPU
		{68DF3DA3-60E7-4206-99CE-EF30CF708DC1}.Debug|Any CPU.ActiveCfg = Debug|Any CPU
		{68DF3DA3-60E7-4206-99CE-EF30CF708DC1}.Debug|Any CPU.Build.0 = Debug|Any CPU
		{68DF3DA3-60E7-4206-99CE-EF30CF708DC1}.Debug|x64.ActiveCfg = Debug|Any CPU
		{68DF3DA3-60E7-4206-99CE-EF30CF708DC1}.Debug|x64.Build.0 = Debug|Any CPU
		{68DF3DA3-60E7-4206-99CE-EF30CF708DC1}.Debug|x86.ActiveCfg = Debug|Any CPU
		{68DF3DA3-60E7-4206-99CE-EF30CF708DC1}.Debug|x86.Build.0 = Debug|Any CPU
		{68DF3DA3-60E7-4206-99CE-EF30CF708DC1}.Release|Any CPU.ActiveCfg = Release|Any CPU
		{68DF3DA3-60E7-4206-99CE-EF30CF708DC1}.Release|Any CPU.Build.0 = Release|Any CPU
		{68DF3DA3-60E7-4206-99CE-EF30CF708DC1}.Release|x64.ActiveCfg = Release|Any CPU
		{68DF3DA3-60E7-4206-99CE-EF30CF708DC1}.Release|x64.Build.0 = Release|Any CPU
		{68DF3DA3-60E7-4206-99CE-EF30CF708DC1}.Release|x86.ActiveCfg = Release|Any CPU
		{68DF3DA3-60E7-4206-99CE-EF30CF708DC1}.Release|x86.Build.0 = Release|Any CPU
	EndGlobalSection
	GlobalSection(SolutionProperties) = preSolution
		HideSolutionNode = FALSE
	EndGlobalSection
	GlobalSection(NestedProjects) = preSolution
		{A4CE4BCE-3255-44FE-ABFB-1E8C5D2AA563} = {CA558E6A-5009-445B-88C9-96FDA6583067}
		{1B1A91F1-1366-4C68-993B-931CD7FFA060} = {AC275497-2ED4-4BA4-92DA-05BF3BAC8267}
		{58F40FB9-B67D-4D48-BFFA-99CCCE21155E} = {AC275497-2ED4-4BA4-92DA-05BF3BAC8267}
		{8E6D4AF9-EED3-47B4-8734-C996BC7A335E} = {4E98F6DA-3438-4C6C-8354-B24B5B9D0EB0}
		{8E8737EE-8679-4C5A-9F66-3F8582C80247} = {4E98F6DA-3438-4C6C-8354-B24B5B9D0EB0}
		{C0B8AA1F-37B0-4D9F-A25D-6A26DDED605B} = {8B728E85-2F02-43E7-A3D1-32CDB437DFEC}
		{D12DCFFB-0F96-4221-B4A7-BEADEA5CFE57} = {CA558E6A-5009-445B-88C9-96FDA6583067}
		{8686512A-39C1-4EEE-A3F5-101D50D07763} = {68C2AA9B-5EBA-467D-99AC-E8DB31DD3973}
		{CB569CF2-09AA-4D76-8E51-278642C66E0D} = {CA253913-39DE-BFD0-C9A3-4B7EC6FBDF17}
		{C7F49146-4E21-48E2-AEB4-8BA20E93E306} = {CA253913-39DE-BFD0-C9A3-4B7EC6FBDF17}
		{1622FBF0-8158-4622-A1E1-2AE627293C33} = {CA253913-39DE-BFD0-C9A3-4B7EC6FBDF17}
		{F36E2211-31DC-47E0-9F1A-2B19D00BB022} = {CA253913-39DE-BFD0-C9A3-4B7EC6FBDF17}
		{A1D7C1CB-B4B6-4F58-B3F8-C21AC1615C43} = {CA253913-39DE-BFD0-C9A3-4B7EC6FBDF17}
		{DAA9052A-52D8-42C2-B90B-696F40D60E96} = {8B728E85-2F02-43E7-A3D1-32CDB437DFEC}
		{5359A72B-063C-4BDC-A65E-C7FA9D3D56AE} = {8B728E85-2F02-43E7-A3D1-32CDB437DFEC}
		{1C512718-9490-4984-B64F-6862BE5EABBB} = {8B728E85-2F02-43E7-A3D1-32CDB437DFEC}
		{CE119E81-02F6-4E55-9F96-F234CA97ABAA} = {4E98F6DA-3438-4C6C-8354-B24B5B9D0EB0}
		{837DB2B3-A163-482E-A405-278C48080EBA} = {CA253913-39DE-BFD0-C9A3-4B7EC6FBDF17}
		{24FEC1DD-F0E7-40FD-8330-732EF59DE795} = {CA253913-39DE-BFD0-C9A3-4B7EC6FBDF17}
		{31B23806-C781-46C1-BF91-33E266CD331A} = {CA253913-39DE-BFD0-C9A3-4B7EC6FBDF17}
		{4D3CC5C2-B686-46CC-A32E-DE095D4CDEB0} = {8B728E85-2F02-43E7-A3D1-32CDB437DFEC}
		{374077BC-8044-4206-87CB-8D4FAA5C56A2} = {CA253913-39DE-BFD0-C9A3-4B7EC6FBDF17}
		{B2A1F7E3-4C8D-4A6B-9E2F-1D3C5A7B8E9F} = {CA253913-39DE-BFD0-C9A3-4B7EC6FBDF17}
		{B1007AC3-EE23-4B52-AE0B-7A6613C388CA} = {CA253913-39DE-BFD0-C9A3-4B7EC6FBDF17}
		{0524D4D9-62C4-4FE5-9036-0A0934896DD4} = {CA558E6A-5009-445B-88C9-96FDA6583067}
		{0FE34BD0-4EEC-406C-B8CA-3BA0A9224042} = {CA253913-39DE-BFD0-C9A3-4B7EC6FBDF17}
		{6AAB039D-A4B5-464F-8279-BBB2A4B943D8} = {8B728E85-2F02-43E7-A3D1-32CDB437DFEC}
		{DEBA43DE-B581-4565-A139-A36C95F98309} = {AC275497-2ED4-4BA4-92DA-05BF3BAC8267}
		{CFCF68BF-A12E-437D-9122-E0DEB9C162E6} = {542CD1C1-A0BE-44CA-9298-A56C16F6881E}
		{041E795D-1B15-4640-9A57-9BECAD006BC0} = {8B728E85-2F02-43E7-A3D1-32CDB437DFEC}
		{6B7C49BF-E437-4F6B-B669-5ED5CA940222} = {8B728E85-2F02-43E7-A3D1-32CDB437DFEC}
		{EE4480BB-4320-4221-AE4C-395731E7FFF9} = {CA253913-39DE-BFD0-C9A3-4B7EC6FBDF17}
		{8C98A41A-41E9-4789-B963-5855D6C22616} = {CA253913-39DE-BFD0-C9A3-4B7EC6FBDF17}
		{59155976-B214-4B97-86F9-7867D5CB52E2} = {CA253913-39DE-BFD0-C9A3-4B7EC6FBDF17}
		{5810F169-DDF8-4F07-BA83-0C8C014EE057} = {8B728E85-2F02-43E7-A3D1-32CDB437DFEC}
		{61B0FBB7-0EEA-4659-ABE0-383C656D4609} = {8B728E85-2F02-43E7-A3D1-32CDB437DFEC}
		{8570DCE0-A603-4AD6-A28D-5B28F8C1D7F9} = {CA253913-39DE-BFD0-C9A3-4B7EC6FBDF17}
		{4033B5DE-9488-4E62-8A72-104EB27CD539} = {8B728E85-2F02-43E7-A3D1-32CDB437DFEC}
		{0EBC88C9-04CD-4A00-96BD-4281EED00085} = {CA253913-39DE-BFD0-C9A3-4B7EC6FBDF17}
		{9ED1459F-6E9D-4AF0-A0B3-0C336FAF5412} = {CA253913-39DE-BFD0-C9A3-4B7EC6FBDF17}
		{59F9F19E-1178-4DEB-B41D-4C0B450C305B} = {CA558E6A-5009-445B-88C9-96FDA6583067}
		{68DF3DA3-60E7-4206-99CE-EF30CF708DC1} = {CA558E6A-5009-445B-88C9-96FDA6583067}
	EndGlobalSection
	GlobalSection(ExtensibilityGlobals) = postSolution
		SolutionGuid = {0EDB2DE5-2794-4737-A47F-105A2CCFFD16}
	EndGlobalSection
EndGlobal
