
Microsoft Visual Studio Solution File, Format Version 12.00
# Visual Studio Version 17
VisualStudioVersion = 17.0.31612.314
MinimumVisualStudioVersion = 10.0.40219.1
Project("{9A19103F-16F7-4668-BE54-9A1E7A4F7556}") = "Bakabase.InsideWorld.App.Core", "Bakabase.InsideWorld.App.Core\Bakabase.InsideWorld.App.Core.csproj", "{A4CE4BCE-3255-44FE-ABFB-1E8C5D2AA563}"
EndProject
Project("{9A19103F-16F7-4668-BE54-9A1E7A4F7556}") = "Bakabase.InsideWorld.Models", "Bakabase.InsideWorld.Models\Bakabase.InsideWorld.Models.csproj", "{1B1A91F1-1366-4C68-993B-931CD7FFA060}"
EndProject
Project("{9A19103F-16F7-4668-BE54-9A1E7A4F7556}") = "Bakabase.InsideWorld.Business", "Bakabase.InsideWorld.Business\Bakabase.InsideWorld.Business.csproj", "{58F40FB9-B67D-4D48-BFFA-99CCCE21155E}"
EndProject
Project("{2150E333-8FDC-42A3-9474-1A3956D46DE8}") = "libs", "libs", "{4E98F6DA-3438-4C6C-8354-B24B5B9D0EB0}"
EndProject
Project("{2150E333-8FDC-42A3-9474-1A3956D46DE8}") = "src", "src", "{E3E19229-9C9B-48D3-A710-9778DD6E2F10}"
EndProject
Project("{9A19103F-16F7-4668-BE54-9A1E7A4F7556}") = "Bootstrap", "..\..\LazyMortal\src\Bootstrap\Bootstrap.csproj", "{8E6D4AF9-EED3-47B4-8734-C996BC7A335E}"
EndProject
Project("{9A19103F-16F7-4668-BE54-9A1E7A4F7556}") = "Bakabase.InsideWorld.Lab", "Bakabase.InsideWorld.Lab\Bakabase.InsideWorld.Lab.csproj", "{644F66E0-12D6-4493-9228-CC30AB88A250}"
EndProject
Project("{2150E333-8FDC-42A3-9474-1A3956D46DE8}") = "tests", "tests", "{8B728E85-2F02-43E7-A3D1-32CDB437DFEC}"
EndProject
Project("{9A19103F-16F7-4668-BE54-9A1E7A4F7556}") = "Bakabase.InsideWorld.Prefabs", "Bakabase.InsideWorld.Prefabs\Bakabase.InsideWorld.Prefabs.csproj", "{462E3DB3-DEC9-46B4-8F71-066A58239C76}"
EndProject
Project("{9A19103F-16F7-4668-BE54-9A1E7A4F7556}") = "Bakabase.Infrastructures", "..\..\Bakabase.Infrastructures\Bakabase.Infrastructures\Bakabase.Infrastructures.csproj", "{8E8737EE-8679-4C5A-9F66-3F8582C80247}"
EndProject
Project("{9A19103F-16F7-4668-BE54-9A1E7A4F7556}") = "Bakabase.Updater", "..\..\Bakabase.Updater\Bakabase.Updater.csproj", "{DE432D57-2FBC-4AFB-ABE5-20A7B6E0C7BE}"
EndProject
Project("{2150E333-8FDC-42A3-9474-1A3956D46DE8}") = "Solution Items", "Solution Items", "{48E88042-A2A6-40FD-97BF-27E2499C120A}"
	ProjectSection(SolutionItems) = preProject
		README.md = README.md
	EndProjectSection
EndProject
Project("{9A19103F-16F7-4668-BE54-9A1E7A4F7556}") = "Bakabase.InsideWorld.Tests", "Bakabase.InsideWorld.Tests\Bakabase.InsideWorld.Tests.csproj", "{C0B8AA1F-37B0-4D9F-A25D-6A26DDED605B}"
EndProject
Project("{9A19103F-16F7-4668-BE54-9A1E7A4F7556}") = "Bakabase.InsideWorld.App.Wpf", "Bakabase.InsideWorld.App.Wpf\Bakabase.InsideWorld.App.Wpf.csproj", "{D12DCFFB-0F96-4221-B4A7-BEADEA5CFE57}"
EndProject
Project("{9A19103F-16F7-4668-BE54-9A1E7A4F7556}") = "InsideWorld.Migrations", "InsideWorld.Migrations\InsideWorld.Migrations.csproj", "{286177A7-D20E-4C1F-B87D-7E36D5241E3F}"
EndProject
Global
	GlobalSection(SolutionConfigurationPlatforms) = preSolution
		Company|Any CPU = Company|Any CPU
		Debug|Any CPU = Debug|Any CPU
		Release|Any CPU = Release|Any CPU
	EndGlobalSection
	GlobalSection(ProjectConfigurationPlatforms) = postSolution
		{A4CE4BCE-3255-44FE-ABFB-1E8C5D2AA563}.Company|Any CPU.ActiveCfg = Company|Any CPU
		{A4CE4BCE-3255-44FE-ABFB-1E8C5D2AA563}.Company|Any CPU.Build.0 = Company|Any CPU
		{A4CE4BCE-3255-44FE-ABFB-1E8C5D2AA563}.Debug|Any CPU.ActiveCfg = Debug|Any CPU
		{A4CE4BCE-3255-44FE-ABFB-1E8C5D2AA563}.Debug|Any CPU.Build.0 = Debug|Any CPU
		{A4CE4BCE-3255-44FE-ABFB-1E8C5D2AA563}.Release|Any CPU.ActiveCfg = Release|Any CPU
		{A4CE4BCE-3255-44FE-ABFB-1E8C5D2AA563}.Release|Any CPU.Build.0 = Release|Any CPU
		{1B1A91F1-1366-4C68-993B-931CD7FFA060}.Company|Any CPU.ActiveCfg = Debug|Any CPU
		{1B1A91F1-1366-4C68-993B-931CD7FFA060}.Company|Any CPU.Build.0 = Debug|Any CPU
		{1B1A91F1-1366-4C68-993B-931CD7FFA060}.Debug|Any CPU.ActiveCfg = Debug|Any CPU
		{1B1A91F1-1366-4C68-993B-931CD7FFA060}.Debug|Any CPU.Build.0 = Debug|Any CPU
		{1B1A91F1-1366-4C68-993B-931CD7FFA060}.Release|Any CPU.ActiveCfg = Release|Any CPU
		{1B1A91F1-1366-4C68-993B-931CD7FFA060}.Release|Any CPU.Build.0 = Release|Any CPU
		{58F40FB9-B67D-4D48-BFFA-99CCCE21155E}.Company|Any CPU.ActiveCfg = Company|Any CPU
		{58F40FB9-B67D-4D48-BFFA-99CCCE21155E}.Company|Any CPU.Build.0 = Company|Any CPU
		{58F40FB9-B67D-4D48-BFFA-99CCCE21155E}.Debug|Any CPU.ActiveCfg = Debug|Any CPU
		{58F40FB9-B67D-4D48-BFFA-99CCCE21155E}.Debug|Any CPU.Build.0 = Debug|Any CPU
		{58F40FB9-B67D-4D48-BFFA-99CCCE21155E}.Release|Any CPU.ActiveCfg = Release|Any CPU
		{58F40FB9-B67D-4D48-BFFA-99CCCE21155E}.Release|Any CPU.Build.0 = Release|Any CPU
		{8E6D4AF9-EED3-47B4-8734-C996BC7A335E}.Company|Any CPU.ActiveCfg = Debug|Any CPU
		{8E6D4AF9-EED3-47B4-8734-C996BC7A335E}.Company|Any CPU.Build.0 = Debug|Any CPU
		{8E6D4AF9-EED3-47B4-8734-C996BC7A335E}.Debug|Any CPU.ActiveCfg = Debug|Any CPU
		{8E6D4AF9-EED3-47B4-8734-C996BC7A335E}.Debug|Any CPU.Build.0 = Debug|Any CPU
		{8E6D4AF9-EED3-47B4-8734-C996BC7A335E}.Release|Any CPU.ActiveCfg = Release|Any CPU
		{8E6D4AF9-EED3-47B4-8734-C996BC7A335E}.Release|Any CPU.Build.0 = Release|Any CPU
		{644F66E0-12D6-4493-9228-CC30AB88A250}.Company|Any CPU.ActiveCfg = Debug|Any CPU
		{644F66E0-12D6-4493-9228-CC30AB88A250}.Company|Any CPU.Build.0 = Debug|Any CPU
		{644F66E0-12D6-4493-9228-CC30AB88A250}.Debug|Any CPU.ActiveCfg = Debug|Any CPU
		{644F66E0-12D6-4493-9228-CC30AB88A250}.Debug|Any CPU.Build.0 = Debug|Any CPU
		{644F66E0-12D6-4493-9228-CC30AB88A250}.Release|Any CPU.ActiveCfg = Release|Any CPU
		{644F66E0-12D6-4493-9228-CC30AB88A250}.Release|Any CPU.Build.0 = Release|Any CPU
		{462E3DB3-DEC9-46B4-8F71-066A58239C76}.Company|Any CPU.ActiveCfg = Debug|Any CPU
		{462E3DB3-DEC9-46B4-8F71-066A58239C76}.Company|Any CPU.Build.0 = Debug|Any CPU
		{462E3DB3-DEC9-46B4-8F71-066A58239C76}.Debug|Any CPU.ActiveCfg = Debug|Any CPU
		{462E3DB3-DEC9-46B4-8F71-066A58239C76}.Debug|Any CPU.Build.0 = Debug|Any CPU
		{462E3DB3-DEC9-46B4-8F71-066A58239C76}.Release|Any CPU.ActiveCfg = Release|Any CPU
		{462E3DB3-DEC9-46B4-8F71-066A58239C76}.Release|Any CPU.Build.0 = Release|Any CPU
		{8E8737EE-8679-4C5A-9F66-3F8582C80247}.Company|Any CPU.ActiveCfg = Debug|Any CPU
		{8E8737EE-8679-4C5A-9F66-3F8582C80247}.Company|Any CPU.Build.0 = Debug|Any CPU
		{8E8737EE-8679-4C5A-9F66-3F8582C80247}.Debug|Any CPU.ActiveCfg = Debug|Any CPU
		{8E8737EE-8679-4C5A-9F66-3F8582C80247}.Debug|Any CPU.Build.0 = Debug|Any CPU
		{8E8737EE-8679-4C5A-9F66-3F8582C80247}.Release|Any CPU.ActiveCfg = Release|Any CPU
		{8E8737EE-8679-4C5A-9F66-3F8582C80247}.Release|Any CPU.Build.0 = Release|Any CPU
		{DE432D57-2FBC-4AFB-ABE5-20A7B6E0C7BE}.Company|Any CPU.ActiveCfg = Debug|Any CPU
		{DE432D57-2FBC-4AFB-ABE5-20A7B6E0C7BE}.Company|Any CPU.Build.0 = Debug|Any CPU
		{DE432D57-2FBC-4AFB-ABE5-20A7B6E0C7BE}.Debug|Any CPU.ActiveCfg = Debug|Any CPU
		{DE432D57-2FBC-4AFB-ABE5-20A7B6E0C7BE}.Debug|Any CPU.Build.0 = Debug|Any CPU
		{DE432D57-2FBC-4AFB-ABE5-20A7B6E0C7BE}.Release|Any CPU.ActiveCfg = Release|Any CPU
		{DE432D57-2FBC-4AFB-ABE5-20A7B6E0C7BE}.Release|Any CPU.Build.0 = Release|Any CPU
		{C0B8AA1F-37B0-4D9F-A25D-6A26DDED605B}.Company|Any CPU.ActiveCfg = Debug|Any CPU
		{C0B8AA1F-37B0-4D9F-A25D-6A26DDED605B}.Company|Any CPU.Build.0 = Debug|Any CPU
		{C0B8AA1F-37B0-4D9F-A25D-6A26DDED605B}.Debug|Any CPU.ActiveCfg = Debug|Any CPU
		{C0B8AA1F-37B0-4D9F-A25D-6A26DDED605B}.Debug|Any CPU.Build.0 = Debug|Any CPU
		{C0B8AA1F-37B0-4D9F-A25D-6A26DDED605B}.Release|Any CPU.ActiveCfg = Release|Any CPU
		{C0B8AA1F-37B0-4D9F-A25D-6A26DDED605B}.Release|Any CPU.Build.0 = Release|Any CPU
		{D12DCFFB-0F96-4221-B4A7-BEADEA5CFE57}.Company|Any CPU.ActiveCfg = Debug|Any CPU
		{D12DCFFB-0F96-4221-B4A7-BEADEA5CFE57}.Company|Any CPU.Build.0 = Debug|Any CPU
		{D12DCFFB-0F96-4221-B4A7-BEADEA5CFE57}.Debug|Any CPU.ActiveCfg = Debug|Any CPU
		{D12DCFFB-0F96-4221-B4A7-BEADEA5CFE57}.Debug|Any CPU.Build.0 = Debug|Any CPU
		{D12DCFFB-0F96-4221-B4A7-BEADEA5CFE57}.Release|Any CPU.ActiveCfg = Release|Any CPU
		{D12DCFFB-0F96-4221-B4A7-BEADEA5CFE57}.Release|Any CPU.Build.0 = Release|Any CPU
		{286177A7-D20E-4C1F-B87D-7E36D5241E3F}.Company|Any CPU.ActiveCfg = Debug|Any CPU
		{286177A7-D20E-4C1F-B87D-7E36D5241E3F}.Company|Any CPU.Build.0 = Debug|Any CPU
		{286177A7-D20E-4C1F-B87D-7E36D5241E3F}.Debug|Any CPU.ActiveCfg = Debug|Any CPU
		{286177A7-D20E-4C1F-B87D-7E36D5241E3F}.Debug|Any CPU.Build.0 = Debug|Any CPU
		{286177A7-D20E-4C1F-B87D-7E36D5241E3F}.Release|Any CPU.ActiveCfg = Release|Any CPU
		{286177A7-D20E-4C1F-B87D-7E36D5241E3F}.Release|Any CPU.Build.0 = Release|Any CPU
	EndGlobalSection
	GlobalSection(SolutionProperties) = preSolution
		HideSolutionNode = FALSE
	EndGlobalSection
	GlobalSection(NestedProjects) = preSolution
		{A4CE4BCE-3255-44FE-ABFB-1E8C5D2AA563} = {E3E19229-9C9B-48D3-A710-9778DD6E2F10}
		{1B1A91F1-1366-4C68-993B-931CD7FFA060} = {E3E19229-9C9B-48D3-A710-9778DD6E2F10}
		{58F40FB9-B67D-4D48-BFFA-99CCCE21155E} = {E3E19229-9C9B-48D3-A710-9778DD6E2F10}
		{8E6D4AF9-EED3-47B4-8734-C996BC7A335E} = {4E98F6DA-3438-4C6C-8354-B24B5B9D0EB0}
		{644F66E0-12D6-4493-9228-CC30AB88A250} = {8B728E85-2F02-43E7-A3D1-32CDB437DFEC}
		{462E3DB3-DEC9-46B4-8F71-066A58239C76} = {E3E19229-9C9B-48D3-A710-9778DD6E2F10}
		{8E8737EE-8679-4C5A-9F66-3F8582C80247} = {E3E19229-9C9B-48D3-A710-9778DD6E2F10}
		{DE432D57-2FBC-4AFB-ABE5-20A7B6E0C7BE} = {E3E19229-9C9B-48D3-A710-9778DD6E2F10}
		{C0B8AA1F-37B0-4D9F-A25D-6A26DDED605B} = {8B728E85-2F02-43E7-A3D1-32CDB437DFEC}
		{D12DCFFB-0F96-4221-B4A7-BEADEA5CFE57} = {E3E19229-9C9B-48D3-A710-9778DD6E2F10}
		{286177A7-D20E-4C1F-B87D-7E36D5241E3F} = {E3E19229-9C9B-48D3-A710-9778DD6E2F10}
	EndGlobalSection
	GlobalSection(ExtensibilityGlobals) = postSolution
		SolutionGuid = {0EDB2DE5-2794-4737-A47F-105A2CCFFD16}
	EndGlobalSection
EndGlobal
